// !$*UTF8*$!
{
	archiveVersion = 1;
	classes = {
	};
	objectVersion = 51;
	objects = {

/* Begin PBXBuildFile section */
		3E0101A325669DDB00D39FAD /* MockURLSession.swift in Sources */ = {isa = PBXBuildFile; fileRef = 3E0101A225669DDB00D39FAD /* MockURLSession.swift */; };
		3E0101A925669DEE00D39FAD /* MockURLSessionDataTask.swift in Sources */ = {isa = PBXBuildFile; fileRef = 3E0101A825669DEE00D39FAD /* MockURLSessionDataTask.swift */; };
		3E0101AE25669F5A00D39FAD /* APIClientTest.swift in Sources */ = {isa = PBXBuildFile; fileRef = 3E0101AD25669F5A00D39FAD /* APIClientTest.swift */; };
		3E0101B52566A9C500D39FAD /* BoardArticles.json in Resources */ = {isa = PBXBuildFile; fileRef = 3E0101B42566A9C500D39FAD /* BoardArticles.json */; };
		3E0101BD2566AD1400D39FAD /* Article.json in Resources */ = {isa = PBXBuildFile; fileRef = 3E0101BC2566AD1400D39FAD /* Article.json */; };
		3E15F01A299E567B00651809 /* KeyChainItemTests.swift in Sources */ = {isa = PBXBuildFile; fileRef = 3E15F019299E567B00651809 /* KeyChainItemTests.swift */; };
		3E16943627611CE800F19B8E /* ConstrainsExtension.swift in Sources */ = {isa = PBXBuildFile; fileRef = 3E16943527611CE800F19B8E /* ConstrainsExtension.swift */; };
		3E1694392761260500F19B8E /* PopularArticleCell.swift in Sources */ = {isa = PBXBuildFile; fileRef = 3E1694372761260500F19B8E /* PopularArticleCell.swift */; };
		3E16943A2761260500F19B8E /* PopularArticleCell.xib in Resources */ = {isa = PBXBuildFile; fileRef = 3E1694382761260500F19B8E /* PopularArticleCell.xib */; };
		3E29388125596BA900240C0F /* URLSessionProtocol.swift in Sources */ = {isa = PBXBuildFile; fileRef = 3E29388025596BA900240C0F /* URLSessionProtocol.swift */; };
		3E62051527624D3800CC8236 /* UIFont+Extension.swift in Sources */ = {isa = PBXBuildFile; fileRef = 3E62051427624D3800CC8236 /* UIFont+Extension.swift */; };
		3E620517276252D800CC8236 /* NumberExtension.swift in Sources */ = {isa = PBXBuildFile; fileRef = 3E620516276252D800CC8236 /* NumberExtension.swift */; };
		3E62051A2762723500CC8236 /* StringExtensionTest.swift in Sources */ = {isa = PBXBuildFile; fileRef = 3E6205192762723500CC8236 /* StringExtensionTest.swift */; };
		3E65526D25595EE60026290B /* Article.swift in Sources */ = {isa = PBXBuildFile; fileRef = 3E65526C25595EE60026290B /* Article.swift */; };
		3E65527125595F0D0026290B /* BoardInfo.swift in Sources */ = {isa = PBXBuildFile; fileRef = 3E65527025595F0D0026290B /* BoardInfo.swift */; };
		3E65527525595F9E0026290B /* BoardArticle.swift in Sources */ = {isa = PBXBuildFile; fileRef = 3E65527425595F9E0026290B /* BoardArticle.swift */; };
		3E65527D25595FD30026290B /* Board.swift in Sources */ = {isa = PBXBuildFile; fileRef = 3E65527C25595FD30026290B /* Board.swift */; };
		3E6552822559604C0026290B /* APIClientProtocol.swift in Sources */ = {isa = PBXBuildFile; fileRef = 3E6552812559604C0026290B /* APIClientProtocol.swift */; };
		3E655288255960910026290B /* FullArticle.swift in Sources */ = {isa = PBXBuildFile; fileRef = 3E655287255960910026290B /* FullArticle.swift */; };
		3E65528C255960AE0026290B /* Comment.swift in Sources */ = {isa = PBXBuildFile; fileRef = 3E65528B255960AE0026290B /* Comment.swift */; };
		3E655290255960CF0026290B /* APIError.swift in Sources */ = {isa = PBXBuildFile; fileRef = 3E65528F255960CF0026290B /* APIError.swift */; };
		3E65529A255962DA0026290B /* APIModel.swift in Sources */ = {isa = PBXBuildFile; fileRef = 3E655299255962DA0026290B /* APIModel.swift */; };
		3E7CE88B29AE5BB600B39D0E /* GetFavoritesFakeData.swift in Sources */ = {isa = PBXBuildFile; fileRef = 3E7CE88A29AE5BB600B39D0E /* GetFavoritesFakeData.swift */; };
		3E8D8C83258A511600346690 /* LoginToken.swift in Sources */ = {isa = PBXBuildFile; fileRef = 3E8D8C82258A511600346690 /* LoginToken.swift */; };
		3E8D8C87258A519F00346690 /* Login.json in Resources */ = {isa = PBXBuildFile; fileRef = 3E8D8C86258A519F00346690 /* Login.json */; };
		3E9A6284258A5D9A00C9DC18 /* BoardList.json in Resources */ = {isa = PBXBuildFile; fileRef = 3E9A6283258A5D9A00C9DC18 /* BoardList.json */; };
		3E9FE303275CFEDC002E144F /* PopularArticlesCoordinator.swift in Sources */ = {isa = PBXBuildFile; fileRef = 3E9FE302275CFEDC002E144F /* PopularArticlesCoordinator.swift */; };
		3E9FE306275D01C5002E144F /* PopularArticlesSceneFactoryProtocol.swift in Sources */ = {isa = PBXBuildFile; fileRef = 3E9FE305275D01C5002E144F /* PopularArticlesSceneFactoryProtocol.swift */; };
		3E9FE309275D0240002E144F /* PopularArticlesViewController.swift in Sources */ = {isa = PBXBuildFile; fileRef = 3E9FE308275D0240002E144F /* PopularArticlesViewController.swift */; };
		3E9FE30B275D0F16002E144F /* PopularArticlesViewModel.swift in Sources */ = {isa = PBXBuildFile; fileRef = 3E9FE30A275D0F16002E144F /* PopularArticlesViewModel.swift */; };
		3EA6F1B429B37CB4005D8B09 /* BoardListFakeData.swift in Sources */ = {isa = PBXBuildFile; fileRef = 3EA6F1B329B37CB4005D8B09 /* BoardListFakeData.swift */; };
		3EA6F1B629B386A2005D8B09 /* ComposeArticleViewController.swift in Sources */ = {isa = PBXBuildFile; fileRef = 3EA6F1B529B386A2005D8B09 /* ComposeArticleViewController.swift */; };
		3EA6F1B829B386F1005D8B09 /* ComposeArticleViewModel.swift in Sources */ = {isa = PBXBuildFile; fileRef = 3EA6F1B729B386F1005D8B09 /* ComposeArticleViewModel.swift */; };
		3EA6F1BA29B388AF005D8B09 /* ComposeArticleView.swift in Sources */ = {isa = PBXBuildFile; fileRef = 3EA6F1B929B388AF005D8B09 /* ComposeArticleView.swift */; };
		3EC2CB2229BB53AC00E70A45 /* BoardsTableViewCell.swift in Sources */ = {isa = PBXBuildFile; fileRef = 3EC2CB2129BB53AC00E70A45 /* BoardsTableViewCell.swift */; };
		3EC2CB2429BB542C00E70A45 /* UITableViewCell+Extension.swift in Sources */ = {isa = PBXBuildFile; fileRef = 3EC2CB2329BB542C00E70A45 /* UITableViewCell+Extension.swift */; };
		3EC2CB2629BB57B000E70A45 /* UserNumberView.swift in Sources */ = {isa = PBXBuildFile; fileRef = 3EC2CB2529BB57B000E70A45 /* UserNumberView.swift */; };
		3EC2CB2829BB612100E70A45 /* BoardSearchViewController.swift in Sources */ = {isa = PBXBuildFile; fileRef = 3EC2CB2729BB612100E70A45 /* BoardSearchViewController.swift */; };
		3EC2CB2B29BB643F00E70A45 /* BoardSearchCell.swift in Sources */ = {isa = PBXBuildFile; fileRef = 3EC2CB2A29BB643F00E70A45 /* BoardSearchCell.swift */; };
		3EC2CB2D29BB8DAC00E70A45 /* Direction.swift in Sources */ = {isa = PBXBuildFile; fileRef = 3EC2CB2C29BB8DAC00E70A45 /* Direction.swift */; };
		3EC2CB3E29BDAD4A00E70A45 /* BoardListTVC.swift in Sources */ = {isa = PBXBuildFile; fileRef = 3EC2CB3D29BDAD4A00E70A45 /* BoardListTVC.swift */; };
		3EC2CB4029BDAD8C00E70A45 /* BoardListViewModel.swift in Sources */ = {isa = PBXBuildFile; fileRef = 3EC2CB3F29BDAD8C00E70A45 /* BoardListViewModel.swift */; };
		3EC2CB4229BDB79500E70A45 /* BoardListCoordinator.swift in Sources */ = {isa = PBXBuildFile; fileRef = 3EC2CB4129BDB79500E70A45 /* BoardListCoordinator.swift */; };
		3EC2CB4429BDB7C200E70A45 /* BoardListSceneFactoryProtocol.swift in Sources */ = {isa = PBXBuildFile; fileRef = 3EC2CB4329BDB7C200E70A45 /* BoardListSceneFactoryProtocol.swift */; };
		3EC2CB4E29C888B800E70A45 /* NotificationName.swift in Sources */ = {isa = PBXBuildFile; fileRef = 3EC2CB4D29C888B800E70A45 /* NotificationName.swift */; };
		3EC2CB5029C88AF900E70A45 /* String+Extension.swift in Sources */ = {isa = PBXBuildFile; fileRef = 3EC2CB4F29C88AF900E70A45 /* String+Extension.swift */; };
		3ECAD05D2762766A00F50A91 /* NumberExtensionTest.swift in Sources */ = {isa = PBXBuildFile; fileRef = 3ECAD05C2762766A00F50A91 /* NumberExtensionTest.swift */; };
		3ECAD060276277FF00F50A91 /* PopularArticles.json in Resources */ = {isa = PBXBuildFile; fileRef = 3ECAD05F276277FF00F50A91 /* PopularArticles.json */; };
		3ED16B3E25713D64004A33E0 /* APITestClient.swift in Sources */ = {isa = PBXBuildFile; fileRef = 3ED16B3D25713D64004A33E0 /* APITestClient.swift */; };
		3EDDC6DF29B453E000173F9F /* PostTypeSelectionView.swift in Sources */ = {isa = PBXBuildFile; fileRef = 3EDDC6DE29B453E000173F9F /* PostTypeSelectionView.swift */; };
		3EDDC6E129B4841B00173F9F /* ANSIColor.swift in Sources */ = {isa = PBXBuildFile; fileRef = 3EDDC6E029B4841B00173F9F /* ANSIColor.swift */; };
		3EE352E5276DDC8300C2CE67 /* TimeInterval+Extension.swift in Sources */ = {isa = PBXBuildFile; fileRef = 3EE352E4276DDC8300C2CE67 /* TimeInterval+Extension.swift */; };
		3EE352E7276DDF1000C2CE67 /* TimeIntervalExtensionTest.swift in Sources */ = {isa = PBXBuildFile; fileRef = 3EE352E6276DDF1000C2CE67 /* TimeIntervalExtensionTest.swift */; };
		3EE7034B2767A12000FFF965 /* NavigationController+Extension.swift in Sources */ = {isa = PBXBuildFile; fileRef = 3EE7034A2767A12000FFF965 /* NavigationController+Extension.swift */; };
		3EE9355D29C9E7E400DCEC81 /* MockKeyChain.swift in Sources */ = {isa = PBXBuildFile; fileRef = 3EE9355C29C9E7E400DCEC81 /* MockKeyChain.swift */; };
		3EF1A9C8276CE4CE0058EF2C /* Localization.swift in Sources */ = {isa = PBXBuildFile; fileRef = 3EF1A9C7276CE4CE0058EF2C /* Localization.swift */; };
		3EF1A9CD276CEA2E0058EF2C /* ColorAssets.xcassets in Resources */ = {isa = PBXBuildFile; fileRef = 3EF1A9CC276CEA2E0058EF2C /* ColorAssets.xcassets */; };
		3EF1A9CF276CEAAE0058EF2C /* PttColors.swift in Sources */ = {isa = PBXBuildFile; fileRef = 3EF1A9CE276CEAAE0058EF2C /* PttColors.swift */; };
		9411EDA625A0AEC30005ADCB /* LoginCoordinator.swift in Sources */ = {isa = PBXBuildFile; fileRef = 9411EDA525A0AEC30005ADCB /* LoginCoordinator.swift */; };
		9411EDAA25A0B03C0005ADCB /* LoginSceneFactoryProtocol.swift in Sources */ = {isa = PBXBuildFile; fileRef = 9411EDA925A0B03C0005ADCB /* LoginSceneFactoryProtocol.swift */; };
		944209D6279B029C002B2B7A /* ErrorSubView.swift in Sources */ = {isa = PBXBuildFile; fileRef = 944209D5279B029C002B2B7A /* ErrorSubView.swift */; };
		944209D8279B0458002B2B7A /* VerifyCodeSubView.swift in Sources */ = {isa = PBXBuildFile; fileRef = 944209D7279B0458002B2B7A /* VerifyCodeSubView.swift */; };
		944209DA279C2462002B2B7A /* Register.swift in Sources */ = {isa = PBXBuildFile; fileRef = 944209D9279C2462002B2B7A /* Register.swift */; };
		944209DC279C3566002B2B7A /* ErrorMsg.swift in Sources */ = {isa = PBXBuildFile; fileRef = 944209DB279C3566002B2B7A /* ErrorMsg.swift */; };
		944209DE279D51F6002B2B7A /* FillInformationSubView.swift in Sources */ = {isa = PBXBuildFile; fileRef = 944209DD279D51F6002B2B7A /* FillInformationSubView.swift */; };
		944527C02769844F00B6B54F /* AttemptRegister.swift in Sources */ = {isa = PBXBuildFile; fileRef = 944527BF2769844E00B6B54F /* AttemptRegister.swift */; };
		949478FE2769E3C00004A982 /* RegisterSubView.swift in Sources */ = {isa = PBXBuildFile; fileRef = 949478FD2769E3C00004A982 /* RegisterSubView.swift */; };
		94AA091F278AE1E900AD3525 /* LoginSubView.swift in Sources */ = {isa = PBXBuildFile; fileRef = 94AA091E278AE1E900AD3525 /* LoginSubView.swift */; };
		94BBA52025CF89D800FFFF0F /* RegisterViewController.swift in Sources */ = {isa = PBXBuildFile; fileRef = 94BBA51F25CF89D700FFFF0F /* RegisterViewController.swift */; };
		94D3FC2D2792726D001B61C5 /* LoginTextField.swift in Sources */ = {isa = PBXBuildFile; fileRef = 94D3FC2C2792726D001B61C5 /* LoginTextField.swift */; };
		94EB641225AC183F00BF69AB /* LoginViewController.swift in Sources */ = {isa = PBXBuildFile; fileRef = 94EB641125AC183F00BF69AB /* LoginViewController.swift */; };
		94EB641A25AD2FF800BF69AB /* KeyChainItem.swift in Sources */ = {isa = PBXBuildFile; fileRef = 94EB641925AD2FF800BF69AB /* KeyChainItem.swift */; };
		98E73DAD0503CF0D8D585826 /* Pods_PttTests.framework in Frameworks */ = {isa = PBXBuildFile; fileRef = E84C05B084821F8B5031D3BD /* Pods_PttTests.framework */; };
		9B564C28256A9D7800787FD7 /* Coordinatorable.swift in Sources */ = {isa = PBXBuildFile; fileRef = 9B564C27256A9D7800787FD7 /* Coordinatorable.swift */; };
		9B564C2F256A9EAC00787FD7 /* Presentable.swift in Sources */ = {isa = PBXBuildFile; fileRef = 9B564C2E256A9EAC00787FD7 /* Presentable.swift */; };
		9B564C33256A9F3500787FD7 /* Routerable.swift in Sources */ = {isa = PBXBuildFile; fileRef = 9B564C32256A9F3500787FD7 /* Routerable.swift */; };
		9B564C3D256AA0EB00787FD7 /* Router.swift in Sources */ = {isa = PBXBuildFile; fileRef = 9B564C3C256AA0EB00787FD7 /* Router.swift */; };
		9B564C41256AA1F400787FD7 /* CoordinatorFactoryProtocol.swift in Sources */ = {isa = PBXBuildFile; fileRef = 9B564C40256AA1F400787FD7 /* CoordinatorFactoryProtocol.swift */; };
		9B564C57256AA69500787FD7 /* CoordinatorFactory.swift in Sources */ = {isa = PBXBuildFile; fileRef = 9B564C56256AA69500787FD7 /* CoordinatorFactory.swift */; };
		9B564C5C256AA74100787FD7 /* TabBarController.swift in Sources */ = {isa = PBXBuildFile; fileRef = 9B564C5B256AA74100787FD7 /* TabBarController.swift */; };
		9B564C65256AA83100787FD7 /* TabBarView.swift in Sources */ = {isa = PBXBuildFile; fileRef = 9B564C64256AA83100787FD7 /* TabBarView.swift */; };
		9B564C6B256AA8C800787FD7 /* BaseCoordinator.swift in Sources */ = {isa = PBXBuildFile; fileRef = 9B564C6A256AA8C800787FD7 /* BaseCoordinator.swift */; };
		9B564C71256AAF8000787FD7 /* TabBarCoordinator.swift in Sources */ = {isa = PBXBuildFile; fileRef = 9B564C70256AAF8000787FD7 /* TabBarCoordinator.swift */; };
		9BEE1C592584B2C0002A9D95 /* ApplicationCoordinator.swift in Sources */ = {isa = PBXBuildFile; fileRef = 9BEE1C582584B2C0002A9D95 /* ApplicationCoordinator.swift */; };
		9BEE1C972584E773002A9D95 /* BaseView.swift in Sources */ = {isa = PBXBuildFile; fileRef = 9BEE1C962584E773002A9D95 /* BaseView.swift */; };
		9BEE1CA62584EA13002A9D95 /* SceneFactory.swift in Sources */ = {isa = PBXBuildFile; fileRef = 9BEE1CA52584EA13002A9D95 /* SceneFactory.swift */; };
		9BEE1CB02584F60B002A9D95 /* FBPageCoordinator.swift in Sources */ = {isa = PBXBuildFile; fileRef = 9BEE1CAF2584F60B002A9D95 /* FBPageCoordinator.swift */; };
		9BEE1CB42584F644002A9D95 /* FBPageSceneFactoryProtocol.swift in Sources */ = {isa = PBXBuildFile; fileRef = 9BEE1CB32584F644002A9D95 /* FBPageSceneFactoryProtocol.swift */; };
		9BEE1CC02585D8E8002A9D95 /* BoardCoordinator.swift in Sources */ = {isa = PBXBuildFile; fileRef = 9BEE1CBF2585D8E8002A9D95 /* BoardCoordinator.swift */; };
		9BEE1CC42585DA6B002A9D95 /* BoardSceneFactoryProtocol.swift in Sources */ = {isa = PBXBuildFile; fileRef = 9BEE1CC32585DA6B002A9D95 /* BoardSceneFactoryProtocol.swift */; };
		CD6C1C1926AD783100EBFEA9 /* CreateArticle.swift in Sources */ = {isa = PBXBuildFile; fileRef = CD6C1C1826AD783100EBFEA9 /* CreateArticle.swift */; };
		CD6C1C1E26B779A500EBFEA9 /* LoadingView.swift in Sources */ = {isa = PBXBuildFile; fileRef = CD6C1C1D26B779A500EBFEA9 /* LoadingView.swift */; };
		CD767B4225B0B6690050E12A /* Extension.swift in Sources */ = {isa = PBXBuildFile; fileRef = CD767B4125B0B6690050E12A /* Extension.swift */; };
		CD767B5125B0B79B0050E12A /* UserDefaultsManager.swift in Sources */ = {isa = PBXBuildFile; fileRef = CD767B4F25B0B79B0050E12A /* UserDefaultsManager.swift */; };
		CD767B5625B0B8010050E12A /* TabBarPage.swift in Sources */ = {isa = PBXBuildFile; fileRef = CD767B5525B0B8010050E12A /* TabBarPage.swift */; };
		CD767B7825B0B9980050E12A /* AppearanceModeViewController.swift in Sources */ = {isa = PBXBuildFile; fileRef = CD767B7525B0B9980050E12A /* AppearanceModeViewController.swift */; };
		CD767B7925B0B9980050E12A /* LicenseViewController.swift in Sources */ = {isa = PBXBuildFile; fileRef = CD767B7625B0B9980050E12A /* LicenseViewController.swift */; };
		CD767B7A25B0B9980050E12A /* SettingsViewController.swift in Sources */ = {isa = PBXBuildFile; fileRef = CD767B7725B0B9980050E12A /* SettingsViewController.swift */; };
		EA05B18B277312D5004C13A8 /* ButtonNode.swift in Sources */ = {isa = PBXBuildFile; fileRef = EA05B18A277312D5004C13A8 /* ButtonNode.swift */; };
		EA41D65D243EF51A0052F4A1 /* FBPageViewController.swift in Sources */ = {isa = PBXBuildFile; fileRef = EA41D65C243EF51A0052F4A1 /* FBPageViewController.swift */; };
		EA475F7523C4834C000867FE /* AppDelegate.swift in Sources */ = {isa = PBXBuildFile; fileRef = EA475F7423C4834C000867FE /* AppDelegate.swift */; };
		EA475F7723C4834C000867FE /* SceneDelegate.swift in Sources */ = {isa = PBXBuildFile; fileRef = EA475F7623C4834C000867FE /* SceneDelegate.swift */; };
		EA475F7E23C4834C000867FE /* Assets.xcassets in Resources */ = {isa = PBXBuildFile; fileRef = EA475F7D23C4834C000867FE /* Assets.xcassets */; };
		EA475F8123C4834C000867FE /* LaunchScreen.storyboard in Resources */ = {isa = PBXBuildFile; fileRef = EA475F7F23C4834C000867FE /* LaunchScreen.storyboard */; };
		EA475F8C23C4834C000867FE /* PttTests.swift in Sources */ = {isa = PBXBuildFile; fileRef = EA475F8B23C4834C000867FE /* PttTests.swift */; };
		EA475F9923C48CC1000867FE /* Localizable.strings in Resources */ = {isa = PBXBuildFile; fileRef = EA475F9B23C48CC1000867FE /* Localizable.strings */; };
		EA479EB42431F27C008A0D99 /* LegacyArticleViewController.swift in Sources */ = {isa = PBXBuildFile; fileRef = EA479EB32431F27C008A0D99 /* LegacyArticleViewController.swift */; };
		EA48D455299CC79B00EF4062 /* SingleArticleViewController.swift in Sources */ = {isa = PBXBuildFile; fileRef = EA48D454299CC79B00EF4062 /* SingleArticleViewController.swift */; };
		EA78E0C124050EB100309694 /* StyleKit.swift in Sources */ = {isa = PBXBuildFile; fileRef = EA78E0C024050EB000309694 /* StyleKit.swift */; };
		EA9DE10F2563A82200AEFC19 /* FullscreenSwipeable.swift in Sources */ = {isa = PBXBuildFile; fileRef = EA9DE10E2563A82200AEFC19 /* FullscreenSwipeable.swift */; };
		EAA4F6F123C72B01005ABCE3 /* BoardViewController.swift in Sources */ = {isa = PBXBuildFile; fileRef = EAA4F6F023C72B01005ABCE3 /* BoardViewController.swift */; };
		EAA4F6F323C72F95005ABCE3 /* APIClient.swift in Sources */ = {isa = PBXBuildFile; fileRef = EAA4F6F223C72F95005ABCE3 /* APIClient.swift */; };
		EAE0839D27686657009DE954 /* ArticleTest.swift in Sources */ = {isa = PBXBuildFile; fileRef = EAE0839C27686657009DE954 /* ArticleTest.swift */; };
		FFC18D2A87D55C733ABEBA14 /* Pods_Ptt.framework in Frameworks */ = {isa = PBXBuildFile; fileRef = DBDA47B1E79A476E2E89A118 /* Pods_Ptt.framework */; };
/* End PBXBuildFile section */

/* Begin PBXContainerItemProxy section */
		EA475F8823C4834C000867FE /* PBXContainerItemProxy */ = {
			isa = PBXContainerItemProxy;
			containerPortal = EA475F6923C4834C000867FE /* Project object */;
			proxyType = 1;
			remoteGlobalIDString = EA475F7023C4834C000867FE;
			remoteInfo = Ptt;
		};
/* End PBXContainerItemProxy section */

/* Begin PBXFileReference section */
		1A7B5590D02D31130EA55DE3 /* Pods-PttTests.debug.xcconfig */ = {isa = PBXFileReference; includeInIndex = 1; lastKnownFileType = text.xcconfig; name = "Pods-PttTests.debug.xcconfig"; path = "Target Support Files/Pods-PttTests/Pods-PttTests.debug.xcconfig"; sourceTree = "<group>"; };
		3E0101A225669DDB00D39FAD /* MockURLSession.swift */ = {isa = PBXFileReference; lastKnownFileType = sourcecode.swift; path = MockURLSession.swift; sourceTree = "<group>"; };
		3E0101A825669DEE00D39FAD /* MockURLSessionDataTask.swift */ = {isa = PBXFileReference; lastKnownFileType = sourcecode.swift; path = MockURLSessionDataTask.swift; sourceTree = "<group>"; };
		3E0101AD25669F5A00D39FAD /* APIClientTest.swift */ = {isa = PBXFileReference; lastKnownFileType = sourcecode.swift; path = APIClientTest.swift; sourceTree = "<group>"; };
		3E0101B42566A9C500D39FAD /* BoardArticles.json */ = {isa = PBXFileReference; lastKnownFileType = text.json; path = BoardArticles.json; sourceTree = "<group>"; };
		3E0101BC2566AD1400D39FAD /* Article.json */ = {isa = PBXFileReference; lastKnownFileType = text.json; path = Article.json; sourceTree = "<group>"; };
		3E15F019299E567B00651809 /* KeyChainItemTests.swift */ = {isa = PBXFileReference; lastKnownFileType = sourcecode.swift; path = KeyChainItemTests.swift; sourceTree = "<group>"; };
		3E16943527611CE800F19B8E /* ConstrainsExtension.swift */ = {isa = PBXFileReference; lastKnownFileType = sourcecode.swift; path = ConstrainsExtension.swift; sourceTree = "<group>"; };
		3E1694372761260500F19B8E /* PopularArticleCell.swift */ = {isa = PBXFileReference; lastKnownFileType = sourcecode.swift; path = PopularArticleCell.swift; sourceTree = "<group>"; };
		3E1694382761260500F19B8E /* PopularArticleCell.xib */ = {isa = PBXFileReference; lastKnownFileType = file.xib; path = PopularArticleCell.xib; sourceTree = "<group>"; };
		3E29388025596BA900240C0F /* URLSessionProtocol.swift */ = {isa = PBXFileReference; lastKnownFileType = sourcecode.swift; path = URLSessionProtocol.swift; sourceTree = "<group>"; };
		3E62051427624D3800CC8236 /* UIFont+Extension.swift */ = {isa = PBXFileReference; lastKnownFileType = sourcecode.swift; path = "UIFont+Extension.swift"; sourceTree = "<group>"; };
		3E620516276252D800CC8236 /* NumberExtension.swift */ = {isa = PBXFileReference; lastKnownFileType = sourcecode.swift; path = NumberExtension.swift; sourceTree = "<group>"; };
		3E6205192762723500CC8236 /* StringExtensionTest.swift */ = {isa = PBXFileReference; lastKnownFileType = sourcecode.swift; path = StringExtensionTest.swift; sourceTree = "<group>"; };
		3E65526C25595EE60026290B /* Article.swift */ = {isa = PBXFileReference; lastKnownFileType = sourcecode.swift; path = Article.swift; sourceTree = "<group>"; };
		3E65527025595F0D0026290B /* BoardInfo.swift */ = {isa = PBXFileReference; lastKnownFileType = sourcecode.swift; path = BoardInfo.swift; sourceTree = "<group>"; };
		3E65527425595F9E0026290B /* BoardArticle.swift */ = {isa = PBXFileReference; lastKnownFileType = sourcecode.swift; path = BoardArticle.swift; sourceTree = "<group>"; };
		3E65527C25595FD30026290B /* Board.swift */ = {isa = PBXFileReference; lastKnownFileType = sourcecode.swift; path = Board.swift; sourceTree = "<group>"; };
		3E6552812559604C0026290B /* APIClientProtocol.swift */ = {isa = PBXFileReference; lastKnownFileType = sourcecode.swift; path = APIClientProtocol.swift; sourceTree = "<group>"; };
		3E655287255960910026290B /* FullArticle.swift */ = {isa = PBXFileReference; lastKnownFileType = sourcecode.swift; path = FullArticle.swift; sourceTree = "<group>"; };
		3E65528B255960AE0026290B /* Comment.swift */ = {isa = PBXFileReference; lastKnownFileType = sourcecode.swift; path = Comment.swift; sourceTree = "<group>"; };
		3E65528F255960CF0026290B /* APIError.swift */ = {isa = PBXFileReference; lastKnownFileType = sourcecode.swift; path = APIError.swift; sourceTree = "<group>"; };
		3E655299255962DA0026290B /* APIModel.swift */ = {isa = PBXFileReference; lastKnownFileType = sourcecode.swift; path = APIModel.swift; sourceTree = "<group>"; };
		3E7CE88A29AE5BB600B39D0E /* GetFavoritesFakeData.swift */ = {isa = PBXFileReference; lastKnownFileType = sourcecode.swift; path = GetFavoritesFakeData.swift; sourceTree = "<group>"; };
		3E8D8C82258A511600346690 /* LoginToken.swift */ = {isa = PBXFileReference; lastKnownFileType = sourcecode.swift; path = LoginToken.swift; sourceTree = "<group>"; };
		3E8D8C86258A519F00346690 /* Login.json */ = {isa = PBXFileReference; lastKnownFileType = text.json; path = Login.json; sourceTree = "<group>"; };
		3E9A6283258A5D9A00C9DC18 /* BoardList.json */ = {isa = PBXFileReference; lastKnownFileType = text.json; path = BoardList.json; sourceTree = "<group>"; };
		3E9FE302275CFEDC002E144F /* PopularArticlesCoordinator.swift */ = {isa = PBXFileReference; lastKnownFileType = sourcecode.swift; path = PopularArticlesCoordinator.swift; sourceTree = "<group>"; };
		3E9FE305275D01C5002E144F /* PopularArticlesSceneFactoryProtocol.swift */ = {isa = PBXFileReference; lastKnownFileType = sourcecode.swift; path = PopularArticlesSceneFactoryProtocol.swift; sourceTree = "<group>"; };
		3E9FE308275D0240002E144F /* PopularArticlesViewController.swift */ = {isa = PBXFileReference; lastKnownFileType = sourcecode.swift; path = PopularArticlesViewController.swift; sourceTree = "<group>"; };
		3E9FE30A275D0F16002E144F /* PopularArticlesViewModel.swift */ = {isa = PBXFileReference; lastKnownFileType = sourcecode.swift; path = PopularArticlesViewModel.swift; sourceTree = "<group>"; };
		3EA6F1B329B37CB4005D8B09 /* BoardListFakeData.swift */ = {isa = PBXFileReference; lastKnownFileType = sourcecode.swift; path = BoardListFakeData.swift; sourceTree = "<group>"; };
		3EA6F1B529B386A2005D8B09 /* ComposeArticleViewController.swift */ = {isa = PBXFileReference; lastKnownFileType = sourcecode.swift; path = ComposeArticleViewController.swift; sourceTree = "<group>"; };
		3EA6F1B729B386F1005D8B09 /* ComposeArticleViewModel.swift */ = {isa = PBXFileReference; lastKnownFileType = sourcecode.swift; path = ComposeArticleViewModel.swift; sourceTree = "<group>"; };
		3EA6F1B929B388AF005D8B09 /* ComposeArticleView.swift */ = {isa = PBXFileReference; lastKnownFileType = sourcecode.swift; path = ComposeArticleView.swift; sourceTree = "<group>"; };
		3EC2CB2129BB53AC00E70A45 /* BoardsTableViewCell.swift */ = {isa = PBXFileReference; lastKnownFileType = sourcecode.swift; path = BoardsTableViewCell.swift; sourceTree = "<group>"; };
		3EC2CB2329BB542C00E70A45 /* UITableViewCell+Extension.swift */ = {isa = PBXFileReference; lastKnownFileType = sourcecode.swift; path = "UITableViewCell+Extension.swift"; sourceTree = "<group>"; };
		3EC2CB2529BB57B000E70A45 /* UserNumberView.swift */ = {isa = PBXFileReference; lastKnownFileType = sourcecode.swift; path = UserNumberView.swift; sourceTree = "<group>"; };
		3EC2CB2729BB612100E70A45 /* BoardSearchViewController.swift */ = {isa = PBXFileReference; lastKnownFileType = sourcecode.swift; path = BoardSearchViewController.swift; sourceTree = "<group>"; };
		3EC2CB2A29BB643F00E70A45 /* BoardSearchCell.swift */ = {isa = PBXFileReference; lastKnownFileType = sourcecode.swift; path = BoardSearchCell.swift; sourceTree = "<group>"; };
		3EC2CB2C29BB8DAC00E70A45 /* Direction.swift */ = {isa = PBXFileReference; lastKnownFileType = sourcecode.swift; path = Direction.swift; sourceTree = "<group>"; };
		3EC2CB3D29BDAD4A00E70A45 /* BoardListTVC.swift */ = {isa = PBXFileReference; lastKnownFileType = sourcecode.swift; path = BoardListTVC.swift; sourceTree = "<group>"; };
		3EC2CB3F29BDAD8C00E70A45 /* BoardListViewModel.swift */ = {isa = PBXFileReference; lastKnownFileType = sourcecode.swift; path = BoardListViewModel.swift; sourceTree = "<group>"; };
		3EC2CB4129BDB79500E70A45 /* BoardListCoordinator.swift */ = {isa = PBXFileReference; lastKnownFileType = sourcecode.swift; path = BoardListCoordinator.swift; sourceTree = "<group>"; };
		3EC2CB4329BDB7C200E70A45 /* BoardListSceneFactoryProtocol.swift */ = {isa = PBXFileReference; lastKnownFileType = sourcecode.swift; path = BoardListSceneFactoryProtocol.swift; sourceTree = "<group>"; };
		3EC2CB4D29C888B800E70A45 /* NotificationName.swift */ = {isa = PBXFileReference; fileEncoding = 4; lastKnownFileType = sourcecode.swift; path = NotificationName.swift; sourceTree = "<group>"; };
		3EC2CB4F29C88AF900E70A45 /* String+Extension.swift */ = {isa = PBXFileReference; fileEncoding = 4; lastKnownFileType = sourcecode.swift; path = "String+Extension.swift"; sourceTree = "<group>"; };
		3ECAD05C2762766A00F50A91 /* NumberExtensionTest.swift */ = {isa = PBXFileReference; lastKnownFileType = sourcecode.swift; path = NumberExtensionTest.swift; sourceTree = "<group>"; };
		3ECAD05F276277FF00F50A91 /* PopularArticles.json */ = {isa = PBXFileReference; lastKnownFileType = text.json; path = PopularArticles.json; sourceTree = "<group>"; };
		3ED16B3D25713D64004A33E0 /* APITestClient.swift */ = {isa = PBXFileReference; lastKnownFileType = sourcecode.swift; path = APITestClient.swift; sourceTree = "<group>"; };
		3EDDC6DE29B453E000173F9F /* PostTypeSelectionView.swift */ = {isa = PBXFileReference; lastKnownFileType = sourcecode.swift; path = PostTypeSelectionView.swift; sourceTree = "<group>"; };
		3EDDC6E029B4841B00173F9F /* ANSIColor.swift */ = {isa = PBXFileReference; lastKnownFileType = sourcecode.swift; path = ANSIColor.swift; sourceTree = "<group>"; };
		3EE352E4276DDC8300C2CE67 /* TimeInterval+Extension.swift */ = {isa = PBXFileReference; lastKnownFileType = sourcecode.swift; path = "TimeInterval+Extension.swift"; sourceTree = "<group>"; };
		3EE352E6276DDF1000C2CE67 /* TimeIntervalExtensionTest.swift */ = {isa = PBXFileReference; lastKnownFileType = sourcecode.swift; path = TimeIntervalExtensionTest.swift; sourceTree = "<group>"; };
		3EE7034A2767A12000FFF965 /* NavigationController+Extension.swift */ = {isa = PBXFileReference; lastKnownFileType = sourcecode.swift; path = "NavigationController+Extension.swift"; sourceTree = "<group>"; };
		3EE9355C29C9E7E400DCEC81 /* MockKeyChain.swift */ = {isa = PBXFileReference; lastKnownFileType = sourcecode.swift; path = MockKeyChain.swift; sourceTree = "<group>"; };
		3EF1A9C7276CE4CE0058EF2C /* Localization.swift */ = {isa = PBXFileReference; fileEncoding = 4; lastKnownFileType = sourcecode.swift; path = Localization.swift; sourceTree = "<group>"; };
		3EF1A9CC276CEA2E0058EF2C /* ColorAssets.xcassets */ = {isa = PBXFileReference; lastKnownFileType = folder.assetcatalog; path = ColorAssets.xcassets; sourceTree = "<group>"; };
		3EF1A9CE276CEAAE0058EF2C /* PttColors.swift */ = {isa = PBXFileReference; fileEncoding = 4; lastKnownFileType = sourcecode.swift; path = PttColors.swift; sourceTree = "<group>"; };
		46B9993AD4E3522178E28D0D /* Pods-Ptt.debug.xcconfig */ = {isa = PBXFileReference; includeInIndex = 1; lastKnownFileType = text.xcconfig; name = "Pods-Ptt.debug.xcconfig"; path = "Target Support Files/Pods-Ptt/Pods-Ptt.debug.xcconfig"; sourceTree = "<group>"; };
		80D0972759B39673EF30B8DB /* Pods-Ptt.release.xcconfig */ = {isa = PBXFileReference; includeInIndex = 1; lastKnownFileType = text.xcconfig; name = "Pods-Ptt.release.xcconfig"; path = "Target Support Files/Pods-Ptt/Pods-Ptt.release.xcconfig"; sourceTree = "<group>"; };
		8A0F49F3FB80A16A715149ED /* Pods-PttTests.release.xcconfig */ = {isa = PBXFileReference; includeInIndex = 1; lastKnownFileType = text.xcconfig; name = "Pods-PttTests.release.xcconfig"; path = "Target Support Files/Pods-PttTests/Pods-PttTests.release.xcconfig"; sourceTree = "<group>"; };
		9411EDA525A0AEC30005ADCB /* LoginCoordinator.swift */ = {isa = PBXFileReference; lastKnownFileType = sourcecode.swift; path = LoginCoordinator.swift; sourceTree = "<group>"; };
		9411EDA925A0B03C0005ADCB /* LoginSceneFactoryProtocol.swift */ = {isa = PBXFileReference; lastKnownFileType = sourcecode.swift; path = LoginSceneFactoryProtocol.swift; sourceTree = "<group>"; };
		944209D5279B029C002B2B7A /* ErrorSubView.swift */ = {isa = PBXFileReference; lastKnownFileType = sourcecode.swift; path = ErrorSubView.swift; sourceTree = "<group>"; };
		944209D7279B0458002B2B7A /* VerifyCodeSubView.swift */ = {isa = PBXFileReference; lastKnownFileType = sourcecode.swift; path = VerifyCodeSubView.swift; sourceTree = "<group>"; };
		944209D9279C2462002B2B7A /* Register.swift */ = {isa = PBXFileReference; lastKnownFileType = sourcecode.swift; path = Register.swift; sourceTree = "<group>"; };
		944209DB279C3566002B2B7A /* ErrorMsg.swift */ = {isa = PBXFileReference; lastKnownFileType = sourcecode.swift; path = ErrorMsg.swift; sourceTree = "<group>"; };
		944209DD279D51F6002B2B7A /* FillInformationSubView.swift */ = {isa = PBXFileReference; lastKnownFileType = sourcecode.swift; path = FillInformationSubView.swift; sourceTree = "<group>"; };
		944527BF2769844E00B6B54F /* AttemptRegister.swift */ = {isa = PBXFileReference; lastKnownFileType = sourcecode.swift; path = AttemptRegister.swift; sourceTree = "<group>"; };
		949478FD2769E3C00004A982 /* RegisterSubView.swift */ = {isa = PBXFileReference; lastKnownFileType = sourcecode.swift; path = RegisterSubView.swift; sourceTree = "<group>"; };
		94AA091E278AE1E900AD3525 /* LoginSubView.swift */ = {isa = PBXFileReference; lastKnownFileType = sourcecode.swift; path = LoginSubView.swift; sourceTree = "<group>"; };
		94BBA51F25CF89D700FFFF0F /* RegisterViewController.swift */ = {isa = PBXFileReference; lastKnownFileType = sourcecode.swift; path = RegisterViewController.swift; sourceTree = "<group>"; };
		94D3FC2C2792726D001B61C5 /* LoginTextField.swift */ = {isa = PBXFileReference; lastKnownFileType = sourcecode.swift; path = LoginTextField.swift; sourceTree = "<group>"; };
		94EB641125AC183F00BF69AB /* LoginViewController.swift */ = {isa = PBXFileReference; lastKnownFileType = sourcecode.swift; path = LoginViewController.swift; sourceTree = "<group>"; };
		94EB641925AD2FF800BF69AB /* KeyChainItem.swift */ = {isa = PBXFileReference; lastKnownFileType = sourcecode.swift; path = KeyChainItem.swift; sourceTree = "<group>"; };
		9B564C27256A9D7800787FD7 /* Coordinatorable.swift */ = {isa = PBXFileReference; lastKnownFileType = sourcecode.swift; path = Coordinatorable.swift; sourceTree = "<group>"; };
		9B564C2E256A9EAC00787FD7 /* Presentable.swift */ = {isa = PBXFileReference; lastKnownFileType = sourcecode.swift; path = Presentable.swift; sourceTree = "<group>"; };
		9B564C32256A9F3500787FD7 /* Routerable.swift */ = {isa = PBXFileReference; lastKnownFileType = sourcecode.swift; path = Routerable.swift; sourceTree = "<group>"; };
		9B564C3C256AA0EB00787FD7 /* Router.swift */ = {isa = PBXFileReference; lastKnownFileType = sourcecode.swift; path = Router.swift; sourceTree = "<group>"; };
		9B564C40256AA1F400787FD7 /* CoordinatorFactoryProtocol.swift */ = {isa = PBXFileReference; lastKnownFileType = sourcecode.swift; path = CoordinatorFactoryProtocol.swift; sourceTree = "<group>"; };
		9B564C56256AA69500787FD7 /* CoordinatorFactory.swift */ = {isa = PBXFileReference; lastKnownFileType = sourcecode.swift; path = CoordinatorFactory.swift; sourceTree = "<group>"; };
		9B564C5B256AA74100787FD7 /* TabBarController.swift */ = {isa = PBXFileReference; lastKnownFileType = sourcecode.swift; path = TabBarController.swift; sourceTree = "<group>"; };
		9B564C64256AA83100787FD7 /* TabBarView.swift */ = {isa = PBXFileReference; lastKnownFileType = sourcecode.swift; path = TabBarView.swift; sourceTree = "<group>"; };
		9B564C6A256AA8C800787FD7 /* BaseCoordinator.swift */ = {isa = PBXFileReference; lastKnownFileType = sourcecode.swift; path = BaseCoordinator.swift; sourceTree = "<group>"; };
		9B564C70256AAF8000787FD7 /* TabBarCoordinator.swift */ = {isa = PBXFileReference; lastKnownFileType = sourcecode.swift; path = TabBarCoordinator.swift; sourceTree = "<group>"; };
		9BEE1C582584B2C0002A9D95 /* ApplicationCoordinator.swift */ = {isa = PBXFileReference; lastKnownFileType = sourcecode.swift; path = ApplicationCoordinator.swift; sourceTree = "<group>"; };
		9BEE1C962584E773002A9D95 /* BaseView.swift */ = {isa = PBXFileReference; lastKnownFileType = sourcecode.swift; path = BaseView.swift; sourceTree = "<group>"; };
		9BEE1CA52584EA13002A9D95 /* SceneFactory.swift */ = {isa = PBXFileReference; lastKnownFileType = sourcecode.swift; path = SceneFactory.swift; sourceTree = "<group>"; };
		9BEE1CAF2584F60B002A9D95 /* FBPageCoordinator.swift */ = {isa = PBXFileReference; lastKnownFileType = sourcecode.swift; path = FBPageCoordinator.swift; sourceTree = "<group>"; };
		9BEE1CB32584F644002A9D95 /* FBPageSceneFactoryProtocol.swift */ = {isa = PBXFileReference; lastKnownFileType = sourcecode.swift; path = FBPageSceneFactoryProtocol.swift; sourceTree = "<group>"; };
		9BEE1CBF2585D8E8002A9D95 /* BoardCoordinator.swift */ = {isa = PBXFileReference; lastKnownFileType = sourcecode.swift; path = BoardCoordinator.swift; sourceTree = "<group>"; };
		9BEE1CC32585DA6B002A9D95 /* BoardSceneFactoryProtocol.swift */ = {isa = PBXFileReference; lastKnownFileType = sourcecode.swift; path = BoardSceneFactoryProtocol.swift; sourceTree = "<group>"; };
		CD6C1C1826AD783100EBFEA9 /* CreateArticle.swift */ = {isa = PBXFileReference; lastKnownFileType = sourcecode.swift; path = CreateArticle.swift; sourceTree = "<group>"; };
		CD6C1C1D26B779A500EBFEA9 /* LoadingView.swift */ = {isa = PBXFileReference; lastKnownFileType = sourcecode.swift; path = LoadingView.swift; sourceTree = "<group>"; };
		CD731CD425BC8945008C43DA /* BoardsTableViewCell.swift */ = {isa = PBXFileReference; fileEncoding = 4; lastKnownFileType = sourcecode.swift; path = BoardsTableViewCell.swift; sourceTree = "<group>"; };
		CD767B4125B0B6690050E12A /* Extension.swift */ = {isa = PBXFileReference; fileEncoding = 4; lastKnownFileType = sourcecode.swift; path = Extension.swift; sourceTree = "<group>"; };
		CD767B4F25B0B79B0050E12A /* UserDefaultsManager.swift */ = {isa = PBXFileReference; fileEncoding = 4; lastKnownFileType = sourcecode.swift; path = UserDefaultsManager.swift; sourceTree = "<group>"; };
		CD767B5525B0B8010050E12A /* TabBarPage.swift */ = {isa = PBXFileReference; fileEncoding = 4; lastKnownFileType = sourcecode.swift; path = TabBarPage.swift; sourceTree = "<group>"; };
		CD767B7525B0B9980050E12A /* AppearanceModeViewController.swift */ = {isa = PBXFileReference; fileEncoding = 4; lastKnownFileType = sourcecode.swift; path = AppearanceModeViewController.swift; sourceTree = "<group>"; };
		CD767B7625B0B9980050E12A /* LicenseViewController.swift */ = {isa = PBXFileReference; fileEncoding = 4; lastKnownFileType = sourcecode.swift; path = LicenseViewController.swift; sourceTree = "<group>"; };
		CD767B7725B0B9980050E12A /* SettingsViewController.swift */ = {isa = PBXFileReference; fileEncoding = 4; lastKnownFileType = sourcecode.swift; path = SettingsViewController.swift; sourceTree = "<group>"; };
		DBDA47B1E79A476E2E89A118 /* Pods_Ptt.framework */ = {isa = PBXFileReference; explicitFileType = wrapper.framework; includeInIndex = 0; path = Pods_Ptt.framework; sourceTree = BUILT_PRODUCTS_DIR; };
		E84C05B084821F8B5031D3BD /* Pods_PttTests.framework */ = {isa = PBXFileReference; explicitFileType = wrapper.framework; includeInIndex = 0; path = Pods_PttTests.framework; sourceTree = BUILT_PRODUCTS_DIR; };
		EA05B18A277312D5004C13A8 /* ButtonNode.swift */ = {isa = PBXFileReference; lastKnownFileType = sourcecode.swift; path = ButtonNode.swift; sourceTree = "<group>"; };
		EA41D65C243EF51A0052F4A1 /* FBPageViewController.swift */ = {isa = PBXFileReference; lastKnownFileType = sourcecode.swift; path = FBPageViewController.swift; sourceTree = "<group>"; };
		EA475F7123C4834C000867FE /* Ptt.app */ = {isa = PBXFileReference; explicitFileType = wrapper.application; includeInIndex = 0; path = Ptt.app; sourceTree = BUILT_PRODUCTS_DIR; };
		EA475F7423C4834C000867FE /* AppDelegate.swift */ = {isa = PBXFileReference; lastKnownFileType = sourcecode.swift; path = AppDelegate.swift; sourceTree = "<group>"; };
		EA475F7623C4834C000867FE /* SceneDelegate.swift */ = {isa = PBXFileReference; lastKnownFileType = sourcecode.swift; path = SceneDelegate.swift; sourceTree = "<group>"; };
		EA475F7D23C4834C000867FE /* Assets.xcassets */ = {isa = PBXFileReference; lastKnownFileType = folder.assetcatalog; path = Assets.xcassets; sourceTree = "<group>"; };
		EA475F8023C4834C000867FE /* Base */ = {isa = PBXFileReference; lastKnownFileType = file.storyboard; name = Base; path = Base.lproj/LaunchScreen.storyboard; sourceTree = "<group>"; };
		EA475F8223C4834C000867FE /* Info.plist */ = {isa = PBXFileReference; lastKnownFileType = text.plist.xml; path = Info.plist; sourceTree = "<group>"; };
		EA475F8723C4834C000867FE /* PttTests.xctest */ = {isa = PBXFileReference; explicitFileType = wrapper.cfbundle; includeInIndex = 0; path = PttTests.xctest; sourceTree = BUILT_PRODUCTS_DIR; };
		EA475F8B23C4834C000867FE /* PttTests.swift */ = {isa = PBXFileReference; lastKnownFileType = sourcecode.swift; path = PttTests.swift; sourceTree = "<group>"; };
		EA475F8D23C4834C000867FE /* Info.plist */ = {isa = PBXFileReference; lastKnownFileType = text.plist.xml; path = Info.plist; sourceTree = "<group>"; };
		EA475F9623C48C61000867FE /* zh-Hant */ = {isa = PBXFileReference; lastKnownFileType = text.plist.strings; name = "zh-Hant"; path = "zh-Hant.lproj/LaunchScreen.strings"; sourceTree = "<group>"; };
		EA475F9A23C48CC1000867FE /* zh-Hant */ = {isa = PBXFileReference; lastKnownFileType = text.plist.strings; name = "zh-Hant"; path = "zh-Hant.lproj/Localizable.strings"; sourceTree = "<group>"; };
		EA475F9C23C48CC3000867FE /* en */ = {isa = PBXFileReference; lastKnownFileType = text.plist.strings; name = en; path = en.lproj/Localizable.strings; sourceTree = "<group>"; };
		EA479EB32431F27C008A0D99 /* LegacyArticleViewController.swift */ = {isa = PBXFileReference; lastKnownFileType = sourcecode.swift; path = LegacyArticleViewController.swift; sourceTree = "<group>"; };
		EA48D454299CC79B00EF4062 /* SingleArticleViewController.swift */ = {isa = PBXFileReference; fileEncoding = 4; lastKnownFileType = sourcecode.swift; path = SingleArticleViewController.swift; sourceTree = "<group>"; };
		EA78E0C024050EB000309694 /* StyleKit.swift */ = {isa = PBXFileReference; fileEncoding = 4; lastKnownFileType = sourcecode.swift; path = StyleKit.swift; sourceTree = "<group>"; };
		EA9DE10E2563A82200AEFC19 /* FullscreenSwipeable.swift */ = {isa = PBXFileReference; fileEncoding = 4; lastKnownFileType = sourcecode.swift; path = FullscreenSwipeable.swift; sourceTree = "<group>"; };
		EAA4F6F023C72B01005ABCE3 /* BoardViewController.swift */ = {isa = PBXFileReference; lastKnownFileType = sourcecode.swift; path = BoardViewController.swift; sourceTree = "<group>"; };
		EAA4F6F223C72F95005ABCE3 /* APIClient.swift */ = {isa = PBXFileReference; lastKnownFileType = sourcecode.swift; path = APIClient.swift; sourceTree = "<group>"; };
		EAE0839C27686657009DE954 /* ArticleTest.swift */ = {isa = PBXFileReference; lastKnownFileType = sourcecode.swift; path = ArticleTest.swift; sourceTree = "<group>"; };
/* End PBXFileReference section */

/* Begin PBXFrameworksBuildPhase section */
		EA475F6E23C4834C000867FE /* Frameworks */ = {
			isa = PBXFrameworksBuildPhase;
			buildActionMask = 2147483647;
			files = (
				FFC18D2A87D55C733ABEBA14 /* Pods_Ptt.framework in Frameworks */,
			);
			runOnlyForDeploymentPostprocessing = 0;
		};
		EA475F8423C4834C000867FE /* Frameworks */ = {
			isa = PBXFrameworksBuildPhase;
			buildActionMask = 2147483647;
			files = (
				98E73DAD0503CF0D8D585826 /* Pods_PttTests.framework in Frameworks */,
			);
			runOnlyForDeploymentPostprocessing = 0;
		};
/* End PBXFrameworksBuildPhase section */

/* Begin PBXGroup section */
		3E0101A125669DBF00D39FAD /* MockClass */ = {
			isa = PBXGroup;
			children = (
				3E0101A225669DDB00D39FAD /* MockURLSession.swift */,
				3E0101A825669DEE00D39FAD /* MockURLSessionDataTask.swift */,
				3ED16B3D25713D64004A33E0 /* APITestClient.swift */,
				3EE9355C29C9E7E400DCEC81 /* MockKeyChain.swift */,
			);
			path = MockClass;
			sourceTree = "<group>";
		};
		3E0101AC25669F3B00D39FAD /* APITest */ = {
			isa = PBXGroup;
			children = (
				3E0101AD25669F5A00D39FAD /* APIClientTest.swift */,
			);
			path = APITest;
			sourceTree = "<group>";
		};
		3E0101B32566A9A200D39FAD /* FakeData */ = {
			isa = PBXGroup;
			children = (
				3E0101B42566A9C500D39FAD /* BoardArticles.json */,
				3E0101BC2566AD1400D39FAD /* Article.json */,
				3E8D8C86258A519F00346690 /* Login.json */,
				3E9A6283258A5D9A00C9DC18 /* BoardList.json */,
				3ECAD05F276277FF00F50A91 /* PopularArticles.json */,
				3EA6F1B329B37CB4005D8B09 /* BoardListFakeData.swift */,
				3E7CE88A29AE5BB600B39D0E /* GetFavoritesFakeData.swift */,
			);
			path = FakeData;
			sourceTree = "<group>";
		};
		3E15F017299E563700651809 /* Utilities */ = {
			isa = PBXGroup;
			children = (
				94EB641925AD2FF800BF69AB /* KeyChainItem.swift */,
				3EC2CB2C29BB8DAC00E70A45 /* Direction.swift */,
			);
			path = Utilities;
			sourceTree = "<group>";
		};
		3E15F018299E566000651809 /* CommonTest */ = {
			isa = PBXGroup;
			children = (
				3E15F019299E567B00651809 /* KeyChainItemTests.swift */,
			);
			path = CommonTest;
			sourceTree = "<group>";
		};
		3E29387E25596B9500240C0F /* Protocols */ = {
			isa = PBXGroup;
			children = (
				3E6552812559604C0026290B /* APIClientProtocol.swift */,
				3E29388025596BA900240C0F /* URLSessionProtocol.swift */,
			);
			path = Protocols;
			sourceTree = "<group>";
		};
		3E6205182762721800CC8236 /* ExtensionTest */ = {
			isa = PBXGroup;
			children = (
				3E6205192762723500CC8236 /* StringExtensionTest.swift */,
				3ECAD05C2762766A00F50A91 /* NumberExtensionTest.swift */,
				3EE352E6276DDF1000C2CE67 /* TimeIntervalExtensionTest.swift */,
			);
			path = ExtensionTest;
			sourceTree = "<group>";
		};
		3E65526A25595EB90026290B /* API */ = {
			isa = PBXGroup;
			children = (
				3E29387E25596B9500240C0F /* Protocols */,
				3E65526B25595EC30026290B /* Models */,
				EAA4F6F223C72F95005ABCE3 /* APIClient.swift */,
			);
			path = API;
			sourceTree = "<group>";
		};
		3E65526B25595EC30026290B /* Models */ = {
			isa = PBXGroup;
			children = (
				3E65528F255960CF0026290B /* APIError.swift */,
				3E655299255962DA0026290B /* APIModel.swift */,
				3E65526C25595EE60026290B /* Article.swift */,
				3E65527C25595FD30026290B /* Board.swift */,
				3E65527425595F9E0026290B /* BoardArticle.swift */,
				3E65527025595F0D0026290B /* BoardInfo.swift */,
				3E65528B255960AE0026290B /* Comment.swift */,
				3E655287255960910026290B /* FullArticle.swift */,
				3E8D8C82258A511600346690 /* LoginToken.swift */,
				944527BF2769844E00B6B54F /* AttemptRegister.swift */,
				CD6C1C1826AD783100EBFEA9 /* CreateArticle.swift */,
				944209D9279C2462002B2B7A /* Register.swift */,
				944209DB279C3566002B2B7A /* ErrorMsg.swift */,
			);
			path = Models;
			sourceTree = "<group>";
		};
		3E9FE301275CFEAA002E144F /* PopularArticlesFlow */ = {
			isa = PBXGroup;
			children = (
				3EDE67072760F8110063D6DF /* Cells */,
				3E9FE307275D021A002E144F /* Controllers */,
				3E9FE304275D00E1002E144F /* ViewModels */,
				3E9FE302275CFEDC002E144F /* PopularArticlesCoordinator.swift */,
			);
			path = PopularArticlesFlow;
			sourceTree = "<group>";
		};
		3E9FE304275D00E1002E144F /* ViewModels */ = {
			isa = PBXGroup;
			children = (
				3E9FE30A275D0F16002E144F /* PopularArticlesViewModel.swift */,
			);
			path = ViewModels;
			sourceTree = "<group>";
		};
		3E9FE307275D021A002E144F /* Controllers */ = {
			isa = PBXGroup;
			children = (
				3E9FE308275D0240002E144F /* PopularArticlesViewController.swift */,
			);
			path = Controllers;
			sourceTree = "<group>";
		};
		3EC1A4C8276CE257006ECCAC /* Generated */ = {
			isa = PBXGroup;
			children = (
				3EF1A9CE276CEAAE0058EF2C /* PttColors.swift */,
				3EF1A9C7276CE4CE0058EF2C /* Localization.swift */,
			);
			path = Generated;
			sourceTree = "<group>";
		};
		3EC2CB2929BB641500E70A45 /* BoardSearch */ = {
			isa = PBXGroup;
			children = (
				3EC2CB2729BB612100E70A45 /* BoardSearchViewController.swift */,
				3EC2CB2A29BB643F00E70A45 /* BoardSearchCell.swift */,
			);
			path = BoardSearch;
			sourceTree = "<group>";
		};
		3EC2CB3C29BDAD1C00E70A45 /* BoardListFlow */ = {
			isa = PBXGroup;
			children = (
				3EC2CB2129BB53AC00E70A45 /* BoardsTableViewCell.swift */,
				3EC2CB3D29BDAD4A00E70A45 /* BoardListTVC.swift */,
				3EC2CB3F29BDAD8C00E70A45 /* BoardListViewModel.swift */,
				3EC2CB4129BDB79500E70A45 /* BoardListCoordinator.swift */,
			);
			path = BoardListFlow;
			sourceTree = "<group>";
		};
		3EC2CB4C29C8887500E70A45 /* Recovered References */ = {
			isa = PBXGroup;
			children = (
			);
			name = "Recovered References";
			sourceTree = "<group>";
		};
		3EDDC6DD29B453C500173F9F /* View */ = {
			isa = PBXGroup;
			children = (
				3EA6F1B929B388AF005D8B09 /* ComposeArticleView.swift */,
				3EDDC6DE29B453E000173F9F /* PostTypeSelectionView.swift */,
			);
			path = View;
			sourceTree = "<group>";
		};
		3EDE67072760F8110063D6DF /* Cells */ = {
			isa = PBXGroup;
			children = (
				3E1694372761260500F19B8E /* PopularArticleCell.swift */,
				3E1694382761260500F19B8E /* PopularArticleCell.xib */,
			);
			path = Cells;
			sourceTree = "<group>";
		};
		5D59ADAA0205CAB3BD9E7F1E /* Pods */ = {
			isa = PBXGroup;
			children = (
				46B9993AD4E3522178E28D0D /* Pods-Ptt.debug.xcconfig */,
				80D0972759B39673EF30B8DB /* Pods-Ptt.release.xcconfig */,
				1A7B5590D02D31130EA55DE3 /* Pods-PttTests.debug.xcconfig */,
				8A0F49F3FB80A16A715149ED /* Pods-PttTests.release.xcconfig */,
			);
			path = Pods;
			sourceTree = "<group>";
		};
		9383CA6B15DC009426988F5F /* Frameworks */ = {
			isa = PBXGroup;
			children = (
				DBDA47B1E79A476E2E89A118 /* Pods_Ptt.framework */,
				E84C05B084821F8B5031D3BD /* Pods_PttTests.framework */,
			);
			name = Frameworks;
			sourceTree = "<group>";
		};
		9411ED9725A0A89E0005ADCB /* LoginFlow */ = {
			isa = PBXGroup;
			children = (
				9411ED9825A0A8C70005ADCB /* Controllers */,
				9411EDA525A0AEC30005ADCB /* LoginCoordinator.swift */,
			);
			path = LoginFlow;
			sourceTree = "<group>";
		};
		9411ED9825A0A8C70005ADCB /* Controllers */ = {
			isa = PBXGroup;
			children = (
				94EB641125AC183F00BF69AB /* LoginViewController.swift */,
				944209D5279B029C002B2B7A /* ErrorSubView.swift */,
				94BBA51F25CF89D700FFFF0F /* RegisterViewController.swift */,
				949478FD2769E3C00004A982 /* RegisterSubView.swift */,
				94AA091E278AE1E900AD3525 /* LoginSubView.swift */,
				94D3FC2C2792726D001B61C5 /* LoginTextField.swift */,
				944209D7279B0458002B2B7A /* VerifyCodeSubView.swift */,
				944209DD279D51F6002B2B7A /* FillInformationSubView.swift */,
			);
			path = Controllers;
			sourceTree = "<group>";
		};
		9B564C26256A9D3200787FD7 /* Coordinator */ = {
			isa = PBXGroup;
			children = (
				9B564C2B256A9DC000787FD7 /* Protocols */,
				9B564C3C256AA0EB00787FD7 /* Router.swift */,
				9B564C6A256AA8C800787FD7 /* BaseCoordinator.swift */,
			);
			path = Coordinator;
			sourceTree = "<group>";
		};
		9B564C2B256A9DC000787FD7 /* Protocols */ = {
			isa = PBXGroup;
			children = (
				9B564C27256A9D7800787FD7 /* Coordinatorable.swift */,
				9B564C2E256A9EAC00787FD7 /* Presentable.swift */,
				9B564C32256A9F3500787FD7 /* Routerable.swift */,
				9BEE1C962584E773002A9D95 /* BaseView.swift */,
			);
			path = Protocols;
			sourceTree = "<group>";
		};
		9B564C44256AA22700787FD7 /* Factories */ = {
			isa = PBXGroup;
			children = (
				9B564C47256AA23500787FD7 /* Protocols */,
				9B564C56256AA69500787FD7 /* CoordinatorFactory.swift */,
				9BEE1CA52584EA13002A9D95 /* SceneFactory.swift */,
			);
			path = Factories;
			sourceTree = "<group>";
		};
		9B564C47256AA23500787FD7 /* Protocols */ = {
			isa = PBXGroup;
			children = (
				9B564C40256AA1F400787FD7 /* CoordinatorFactoryProtocol.swift */,
				9BEE1CB32584F644002A9D95 /* FBPageSceneFactoryProtocol.swift */,
				9BEE1CC32585DA6B002A9D95 /* BoardSceneFactoryProtocol.swift */,
				9411EDA925A0B03C0005ADCB /* LoginSceneFactoryProtocol.swift */,
				3E9FE305275D01C5002E144F /* PopularArticlesSceneFactoryProtocol.swift */,
				3EC2CB4329BDB7C200E70A45 /* BoardListSceneFactoryProtocol.swift */,
			);
			path = Protocols;
			sourceTree = "<group>";
		};
		9B564C5A256AA72C00787FD7 /* Flows */ = {
			isa = PBXGroup;
			children = (
				3EC2CB3C29BDAD1C00E70A45 /* BoardListFlow */,
				3E9FE301275CFEAA002E144F /* PopularArticlesFlow */,
				CD7550C6264AC27300F87395 /* ComposeArticleFlow */,
				9411ED9725A0A89E0005ADCB /* LoginFlow */,
				CD767B7325B0B9980050E12A /* SettingsFlow */,
				9BEE1CB92585D89A002A9D95 /* BoardFlow */,
				9BEE1CAB2584F5C9002A9D95 /* FBPageFlow */,
				9B564C5F256AA74A00787FD7 /* MainTabBarFlow */,
			);
			path = Flows;
			sourceTree = "<group>";
		};
		9B564C5F256AA74A00787FD7 /* MainTabBarFlow */ = {
			isa = PBXGroup;
			children = (
				CD767B5525B0B8010050E12A /* TabBarPage.swift */,
				9B564C5B256AA74100787FD7 /* TabBarController.swift */,
				9B564C64256AA83100787FD7 /* TabBarView.swift */,
				9B564C70256AAF8000787FD7 /* TabBarCoordinator.swift */,
			);
			path = MainTabBarFlow;
			sourceTree = "<group>";
		};
		9BEE1C6D2584BCA5002A9D95 /* Extensions */ = {
			isa = PBXGroup;
			children = (
				3EC2CB4F29C88AF900E70A45 /* String+Extension.swift */,
				3EC2CB4D29C888B800E70A45 /* NotificationName.swift */,
				CD767B4125B0B6690050E12A /* Extension.swift */,
				3E16943527611CE800F19B8E /* ConstrainsExtension.swift */,
				3E62051427624D3800CC8236 /* UIFont+Extension.swift */,
				3E620516276252D800CC8236 /* NumberExtension.swift */,
				3EE7034A2767A12000FFF965 /* NavigationController+Extension.swift */,
				3EE352E4276DDC8300C2CE67 /* TimeInterval+Extension.swift */,
				3EC2CB2329BB542C00E70A45 /* UITableViewCell+Extension.swift */,
			);
			path = Extensions;
			sourceTree = "<group>";
		};
		9BEE1CAB2584F5C9002A9D95 /* FBPageFlow */ = {
			isa = PBXGroup;
			children = (
				9BEE1CAF2584F60B002A9D95 /* FBPageCoordinator.swift */,
				9BEE1CAC2584F5EF002A9D95 /* Controllers */,
			);
			path = FBPageFlow;
			sourceTree = "<group>";
		};
		9BEE1CAC2584F5EF002A9D95 /* Controllers */ = {
			isa = PBXGroup;
			children = (
				EA41D65C243EF51A0052F4A1 /* FBPageViewController.swift */,
			);
			path = Controllers;
			sourceTree = "<group>";
		};
		9BEE1CB92585D89A002A9D95 /* BoardFlow */ = {
			isa = PBXGroup;
			children = (
				9BEE1CBC2585D8BC002A9D95 /* Controllers */,
				9BEE1CBF2585D8E8002A9D95 /* BoardCoordinator.swift */,
			);
			path = BoardFlow;
			sourceTree = "<group>";
		};
		9BEE1CBC2585D8BC002A9D95 /* Controllers */ = {
			isa = PBXGroup;
			children = (
				EAA4F6F023C72B01005ABCE3 /* BoardViewController.swift */,
				EA48D454299CC79B00EF4062 /* SingleArticleViewController.swift */,
				EA479EB32431F27C008A0D99 /* LegacyArticleViewController.swift */,
			);
			path = Controllers;
			sourceTree = "<group>";
		};
		CD6C1C1C26B7756700EBFEA9 /* Views */ = {
			isa = PBXGroup;
			children = (
				EA05B18A277312D5004C13A8 /* ButtonNode.swift */,
				CD6C1C1D26B779A500EBFEA9 /* LoadingView.swift */,
				3EC2CB2529BB57B000E70A45 /* UserNumberView.swift */,
			);
			path = Views;
			sourceTree = "<group>";
		};
		CD731CD225BC8945008C43DA /* Common */ = {
			isa = PBXGroup;
			children = (
				3EC2CB2929BB641500E70A45 /* BoardSearch */,
				3E15F017299E563700651809 /* Utilities */,
				CD6C1C1C26B7756700EBFEA9 /* Views */,
				CD731CD325BC8945008C43DA /* Cells */,
				3EDDC6E029B4841B00173F9F /* ANSIColor.swift */,
			);
			path = Common;
			sourceTree = "<group>";
		};
		CD731CD325BC8945008C43DA /* Cells */ = {
			isa = PBXGroup;
			children = (
				CD731CD425BC8945008C43DA /* BoardsTableViewCell.swift */,
			);
			path = Cells;
			sourceTree = "<group>";
		};
		CD7550C6264AC27300F87395 /* ComposeArticleFlow */ = {
			isa = PBXGroup;
			children = (
				3EDDC6DD29B453C500173F9F /* View */,
				CD84529C26E4B4DA00673450 /* ViewModels */,
				CD7550C7264AC2E900F87395 /* Controllers */,
			);
			path = ComposeArticleFlow;
			sourceTree = "<group>";
		};
		CD7550C7264AC2E900F87395 /* Controllers */ = {
			isa = PBXGroup;
			children = (
				3EA6F1B529B386A2005D8B09 /* ComposeArticleViewController.swift */,
			);
			path = Controllers;
			sourceTree = "<group>";
		};
		CD767B7325B0B9980050E12A /* SettingsFlow */ = {
			isa = PBXGroup;
			children = (
				CD767B7425B0B9980050E12A /* Controllers */,
			);
			path = SettingsFlow;
			sourceTree = "<group>";
		};
		CD767B7425B0B9980050E12A /* Controllers */ = {
			isa = PBXGroup;
			children = (
				CD767B7525B0B9980050E12A /* AppearanceModeViewController.swift */,
				CD767B7625B0B9980050E12A /* LicenseViewController.swift */,
				CD767B7725B0B9980050E12A /* SettingsViewController.swift */,
			);
			path = Controllers;
			sourceTree = "<group>";
		};
		CD84529C26E4B4DA00673450 /* ViewModels */ = {
			isa = PBXGroup;
			children = (
				3EA6F1B729B386F1005D8B09 /* ComposeArticleViewModel.swift */,
			);
			path = ViewModels;
			sourceTree = "<group>";
		};
		EA475F6823C4834C000867FE = {
			isa = PBXGroup;
			children = (
				EA475F7323C4834C000867FE /* Ptt */,
				EA475F8A23C4834C000867FE /* PttTests */,
				EA475F7223C4834C000867FE /* Products */,
				5D59ADAA0205CAB3BD9E7F1E /* Pods */,
				9383CA6B15DC009426988F5F /* Frameworks */,
				3EC2CB4C29C8887500E70A45 /* Recovered References */,
			);
			sourceTree = "<group>";
		};
		EA475F7223C4834C000867FE /* Products */ = {
			isa = PBXGroup;
			children = (
				EA475F7123C4834C000867FE /* Ptt.app */,
				EA475F8723C4834C000867FE /* PttTests.xctest */,
			);
			name = Products;
			sourceTree = "<group>";
		};
		EA475F7323C4834C000867FE /* Ptt */ = {
			isa = PBXGroup;
			children = (
				9B564C44256AA22700787FD7 /* Factories */,
				9B564C26256A9D3200787FD7 /* Coordinator */,
				3E65526A25595EB90026290B /* API */,
				CD731CD225BC8945008C43DA /* Common */,
				9B564C5A256AA72C00787FD7 /* Flows */,
				3EC1A4C8276CE257006ECCAC /* Generated */,
				9BEE1C6D2584BCA5002A9D95 /* Extensions */,
				9BEE1C582584B2C0002A9D95 /* ApplicationCoordinator.swift */,
				EA475F7423C4834C000867FE /* AppDelegate.swift */,
				EA475F7623C4834C000867FE /* SceneDelegate.swift */,
				EA9DE10E2563A82200AEFC19 /* FullscreenSwipeable.swift */,
				EA78E0C024050EB000309694 /* StyleKit.swift */,
				CD767B4F25B0B79B0050E12A /* UserDefaultsManager.swift */,
				EA475F7D23C4834C000867FE /* Assets.xcassets */,
				3EF1A9CC276CEA2E0058EF2C /* ColorAssets.xcassets */,
				EA475F7F23C4834C000867FE /* LaunchScreen.storyboard */,
				EA475F9B23C48CC1000867FE /* Localizable.strings */,
				EA475F8223C4834C000867FE /* Info.plist */,
			);
			path = Ptt;
			sourceTree = "<group>";
		};
		EA475F8A23C4834C000867FE /* PttTests */ = {
			isa = PBXGroup;
			children = (
				3E15F018299E566000651809 /* CommonTest */,
				3E6205182762721800CC8236 /* ExtensionTest */,
				3E0101B32566A9A200D39FAD /* FakeData */,
				3E0101AC25669F3B00D39FAD /* APITest */,
				EAE0839B2768663E009DE954 /* Model */,
				3E0101A125669DBF00D39FAD /* MockClass */,
				EA475F8B23C4834C000867FE /* PttTests.swift */,
				EA475F8D23C4834C000867FE /* Info.plist */,
			);
			path = PttTests;
			sourceTree = "<group>";
		};
		EAE0839B2768663E009DE954 /* Model */ = {
			isa = PBXGroup;
			children = (
				EAE0839C27686657009DE954 /* ArticleTest.swift */,
			);
			path = Model;
			sourceTree = "<group>";
		};
/* End PBXGroup section */

/* Begin PBXNativeTarget section */
		EA475F7023C4834C000867FE /* Ptt */ = {
			isa = PBXNativeTarget;
			buildConfigurationList = EA475F9023C4834C000867FE /* Build configuration list for PBXNativeTarget "Ptt" */;
			buildPhases = (
				D7D8371C10EBA56FF5D4A873 /* [CP] Check Pods Manifest.lock */,
				EA475F6D23C4834C000867FE /* Sources */,
				EA475F6E23C4834C000867FE /* Frameworks */,
				EA475F6F23C4834C000867FE /* Resources */,
				C6B1DC1C85F6FDA381BEBEA9 /* [CP] Embed Pods Frameworks */,
				3EAED621276CD2F1005AC13A /* SwiftGen */,
				3E15F01B299E5EB000651809 /* SwiftLint */,
			);
			buildRules = (
			);
			dependencies = (
			);
			name = Ptt;
			packageProductDependencies = (
			);
			productName = Ptt;
			productReference = EA475F7123C4834C000867FE /* Ptt.app */;
			productType = "com.apple.product-type.application";
		};
		EA475F8623C4834C000867FE /* PttTests */ = {
			isa = PBXNativeTarget;
			buildConfigurationList = EA475F9323C4834C000867FE /* Build configuration list for PBXNativeTarget "PttTests" */;
			buildPhases = (
				912D926E93907D87D492B266 /* [CP] Check Pods Manifest.lock */,
				EA475F8323C4834C000867FE /* Sources */,
				EA475F8423C4834C000867FE /* Frameworks */,
				EA475F8523C4834C000867FE /* Resources */,
			);
			buildRules = (
			);
			dependencies = (
				EA475F8923C4834C000867FE /* PBXTargetDependency */,
			);
			name = PttTests;
			productName = PttTests;
			productReference = EA475F8723C4834C000867FE /* PttTests.xctest */;
			productType = "com.apple.product-type.bundle.unit-test";
		};
/* End PBXNativeTarget section */

/* Begin PBXProject section */
		EA475F6923C4834C000867FE /* Project object */ = {
			isa = PBXProject;
			attributes = {
				LastSwiftUpdateCheck = 1130;
				LastUpgradeCheck = 1130;
				ORGANIZATIONNAME = Ptt;
				TargetAttributes = {
					EA475F7023C4834C000867FE = {
						CreatedOnToolsVersion = 11.3;
					};
					EA475F8623C4834C000867FE = {
						CreatedOnToolsVersion = 11.3;
						TestTargetID = EA475F7023C4834C000867FE;
					};
				};
			};
			buildConfigurationList = EA475F6C23C4834C000867FE /* Build configuration list for PBXProject "Ptt" */;
			compatibilityVersion = "Xcode 9.3";
			developmentRegion = en;
			hasScannedForEncodings = 0;
			knownRegions = (
				en,
				Base,
				"zh-Hant",
			);
			mainGroup = EA475F6823C4834C000867FE;
			packageReferences = (
			);
			productRefGroup = EA475F7223C4834C000867FE /* Products */;
			projectDirPath = "";
			projectRoot = "";
			targets = (
				EA475F7023C4834C000867FE /* Ptt */,
				EA475F8623C4834C000867FE /* PttTests */,
			);
		};
/* End PBXProject section */

/* Begin PBXResourcesBuildPhase section */
		EA475F6F23C4834C000867FE /* Resources */ = {
			isa = PBXResourcesBuildPhase;
			buildActionMask = 2147483647;
			files = (
				3EF1A9CD276CEA2E0058EF2C /* ColorAssets.xcassets in Resources */,
				EA475F8123C4834C000867FE /* LaunchScreen.storyboard in Resources */,
				EA475F9923C48CC1000867FE /* Localizable.strings in Resources */,
				3E16943A2761260500F19B8E /* PopularArticleCell.xib in Resources */,
				EA475F7E23C4834C000867FE /* Assets.xcassets in Resources */,
			);
			runOnlyForDeploymentPostprocessing = 0;
		};
		EA475F8523C4834C000867FE /* Resources */ = {
			isa = PBXResourcesBuildPhase;
			buildActionMask = 2147483647;
			files = (
				3E8D8C87258A519F00346690 /* Login.json in Resources */,
				3ECAD060276277FF00F50A91 /* PopularArticles.json in Resources */,
				3E0101BD2566AD1400D39FAD /* Article.json in Resources */,
				3E9A6284258A5D9A00C9DC18 /* BoardList.json in Resources */,
				3E0101B52566A9C500D39FAD /* BoardArticles.json in Resources */,
			);
			runOnlyForDeploymentPostprocessing = 0;
		};
/* End PBXResourcesBuildPhase section */

/* Begin PBXShellScriptBuildPhase section */
		3E15F01B299E5EB000651809 /* SwiftLint */ = {
			isa = PBXShellScriptBuildPhase;
			buildActionMask = 2147483647;
			files = (
			);
			inputFileListPaths = (
			);
			inputPaths = (
			);
			name = SwiftLint;
			outputFileListPaths = (
			);
			outputPaths = (
			);
			runOnlyForDeploymentPostprocessing = 0;
			shellPath = /bin/sh;
			shellScript = "PATH=${PATH}:/opt/homebrew/bin/\nbrew bundle install --no-upgrade\nif which swiftlint > /dev/null; then \n  swiftlint --config ${SRCROOT}/BuildTools/swiftlint.yaml\nelse\n  echo \"warning: SwiftLint not installed, download from https://github.com/realm/SwiftLint\"\nfi\n";
		};
		3EAED621276CD2F1005AC13A /* SwiftGen */ = {
			isa = PBXShellScriptBuildPhase;
			buildActionMask = 2147483647;
			files = (
			);
			inputFileListPaths = (
			);
			inputPaths = (
				"$(SRCROOT)/Ptt/en.lproj/Localizable.strings",
				"$(SRCROOT)/Ptt/ColorAssets.xcassets",
			);
			name = SwiftGen;
			outputFileListPaths = (
			);
			outputPaths = (
				"$(SRCROOT)/Ptt/Grenerated/Location.swift",
				"$(SRCROOT)/Ptt/Grenerated/PttColors.swift",
			);
			runOnlyForDeploymentPostprocessing = 0;
			shellPath = /bin/sh;
			shellScript = "PATH=${PATH}:/opt/homebrew/bin/\nfunction generate() {\n  cd ${SRCROOT}/BuildTools \n  swiftgen config run\n}\n\nif which swiftgen > /dev/null; then\n  generate\nelse\n  brew bundle\n  generate\nfi\n";
		};
		912D926E93907D87D492B266 /* [CP] Check Pods Manifest.lock */ = {
			isa = PBXShellScriptBuildPhase;
			buildActionMask = 2147483647;
			files = (
			);
			inputFileListPaths = (
			);
			inputPaths = (
				"${PODS_PODFILE_DIR_PATH}/Podfile.lock",
				"${PODS_ROOT}/Manifest.lock",
			);
			name = "[CP] Check Pods Manifest.lock";
			outputFileListPaths = (
			);
			outputPaths = (
				"$(DERIVED_FILE_DIR)/Pods-PttTests-checkManifestLockResult.txt",
			);
			runOnlyForDeploymentPostprocessing = 0;
			shellPath = /bin/sh;
			shellScript = "diff \"${PODS_PODFILE_DIR_PATH}/Podfile.lock\" \"${PODS_ROOT}/Manifest.lock\" > /dev/null\nif [ $? != 0 ] ; then\n    # print error to STDERR\n    echo \"error: The sandbox is not in sync with the Podfile.lock. Run 'pod install' or update your CocoaPods installation.\" >&2\n    exit 1\nfi\n# This output is used by Xcode 'outputs' to avoid re-running this script phase.\necho \"SUCCESS\" > \"${SCRIPT_OUTPUT_FILE_0}\"\n";
			showEnvVarsInLog = 0;
		};
		C6B1DC1C85F6FDA381BEBEA9 /* [CP] Embed Pods Frameworks */ = {
			isa = PBXShellScriptBuildPhase;
			buildActionMask = 2147483647;
			files = (
			);
			inputFileListPaths = (
				"${PODS_ROOT}/Target Support Files/Pods-Ptt/Pods-Ptt-frameworks-${CONFIGURATION}-input-files.xcfilelist",
			);
			name = "[CP] Embed Pods Frameworks";
			outputFileListPaths = (
				"${PODS_ROOT}/Target Support Files/Pods-Ptt/Pods-Ptt-frameworks-${CONFIGURATION}-output-files.xcfilelist",
			);
			runOnlyForDeploymentPostprocessing = 0;
			shellPath = /bin/sh;
			shellScript = "\"${PODS_ROOT}/Target Support Files/Pods-Ptt/Pods-Ptt-frameworks.sh\"\n";
			showEnvVarsInLog = 0;
		};
		D7D8371C10EBA56FF5D4A873 /* [CP] Check Pods Manifest.lock */ = {
			isa = PBXShellScriptBuildPhase;
			buildActionMask = 2147483647;
			files = (
			);
			inputFileListPaths = (
			);
			inputPaths = (
				"${PODS_PODFILE_DIR_PATH}/Podfile.lock",
				"${PODS_ROOT}/Manifest.lock",
			);
			name = "[CP] Check Pods Manifest.lock";
			outputFileListPaths = (
			);
			outputPaths = (
				"$(DERIVED_FILE_DIR)/Pods-Ptt-checkManifestLockResult.txt",
			);
			runOnlyForDeploymentPostprocessing = 0;
			shellPath = /bin/sh;
			shellScript = "diff \"${PODS_PODFILE_DIR_PATH}/Podfile.lock\" \"${PODS_ROOT}/Manifest.lock\" > /dev/null\nif [ $? != 0 ] ; then\n    # print error to STDERR\n    echo \"error: The sandbox is not in sync with the Podfile.lock. Run 'pod install' or update your CocoaPods installation.\" >&2\n    exit 1\nfi\n# This output is used by Xcode 'outputs' to avoid re-running this script phase.\necho \"SUCCESS\" > \"${SCRIPT_OUTPUT_FILE_0}\"\n";
			showEnvVarsInLog = 0;
		};
/* End PBXShellScriptBuildPhase section */

/* Begin PBXSourcesBuildPhase section */
		EA475F6D23C4834C000867FE /* Sources */ = {
			isa = PBXSourcesBuildPhase;
			buildActionMask = 2147483647;
			files = (
				3E29388125596BA900240C0F /* URLSessionProtocol.swift in Sources */,
				EA479EB42431F27C008A0D99 /* LegacyArticleViewController.swift in Sources */,
				944209DA279C2462002B2B7A /* Register.swift in Sources */,
				9B564C3D256AA0EB00787FD7 /* Router.swift in Sources */,
				944527C02769844F00B6B54F /* AttemptRegister.swift in Sources */,
				3E9FE306275D01C5002E144F /* PopularArticlesSceneFactoryProtocol.swift in Sources */,
				3EE352E5276DDC8300C2CE67 /* TimeInterval+Extension.swift in Sources */,
				3EC2CB2D29BB8DAC00E70A45 /* Direction.swift in Sources */,
				EA41D65D243EF51A0052F4A1 /* FBPageViewController.swift in Sources */,
				CD6C1C1926AD783100EBFEA9 /* CreateArticle.swift in Sources */,
				9B564C65256AA83100787FD7 /* TabBarView.swift in Sources */,
				3E655288255960910026290B /* FullArticle.swift in Sources */,
				3E6552822559604C0026290B /* APIClientProtocol.swift in Sources */,
				3E8D8C83258A511600346690 /* LoginToken.swift in Sources */,
				3E65527125595F0D0026290B /* BoardInfo.swift in Sources */,
				9411EDAA25A0B03C0005ADCB /* LoginSceneFactoryProtocol.swift in Sources */,
				9B564C28256A9D7800787FD7 /* Coordinatorable.swift in Sources */,
				944209D6279B029C002B2B7A /* ErrorSubView.swift in Sources */,
				9B564C2F256A9EAC00787FD7 /* Presentable.swift in Sources */,
				3E65528C255960AE0026290B /* Comment.swift in Sources */,
				9B564C71256AAF8000787FD7 /* TabBarCoordinator.swift in Sources */,
				94D3FC2D2792726D001B61C5 /* LoginTextField.swift in Sources */,
				EA78E0C124050EB100309694 /* StyleKit.swift in Sources */,
				CD767B5625B0B8010050E12A /* TabBarPage.swift in Sources */,
				3EC2CB5029C88AF900E70A45 /* String+Extension.swift in Sources */,
				949478FE2769E3C00004A982 /* RegisterSubView.swift in Sources */,
				3EC2CB3E29BDAD4A00E70A45 /* BoardListTVC.swift in Sources */,
				CD767B7825B0B9980050E12A /* AppearanceModeViewController.swift in Sources */,
				CD767B7925B0B9980050E12A /* LicenseViewController.swift in Sources */,
				9BEE1CB42584F644002A9D95 /* FBPageSceneFactoryProtocol.swift in Sources */,
				3EC2CB4229BDB79500E70A45 /* BoardListCoordinator.swift in Sources */,
				944209DE279D51F6002B2B7A /* FillInformationSubView.swift in Sources */,
				3EDDC6E129B4841B00173F9F /* ANSIColor.swift in Sources */,
				3EA6F1B829B386F1005D8B09 /* ComposeArticleViewModel.swift in Sources */,
				3E9FE30B275D0F16002E144F /* PopularArticlesViewModel.swift in Sources */,
				9BEE1C972584E773002A9D95 /* BaseView.swift in Sources */,
				3E65527D25595FD30026290B /* Board.swift in Sources */,
				944209DC279C3566002B2B7A /* ErrorMsg.swift in Sources */,
				3EC2CB4429BDB7C200E70A45 /* BoardListSceneFactoryProtocol.swift in Sources */,
				9BEE1CB02584F60B002A9D95 /* FBPageCoordinator.swift in Sources */,
				944209D8279B0458002B2B7A /* VerifyCodeSubView.swift in Sources */,
				3E9FE309275D0240002E144F /* PopularArticlesViewController.swift in Sources */,
				3EC2CB2629BB57B000E70A45 /* UserNumberView.swift in Sources */,
				3EC2CB2B29BB643F00E70A45 /* BoardSearchCell.swift in Sources */,
				3EC2CB4E29C888B800E70A45 /* NotificationName.swift in Sources */,
				3E1694392761260500F19B8E /* PopularArticleCell.swift in Sources */,
				94AA091F278AE1E900AD3525 /* LoginSubView.swift in Sources */,
				3E9FE303275CFEDC002E144F /* PopularArticlesCoordinator.swift in Sources */,
				3EA6F1B629B386A2005D8B09 /* ComposeArticleViewController.swift in Sources */,
				3E65527525595F9E0026290B /* BoardArticle.swift in Sources */,
				9BEE1C592584B2C0002A9D95 /* ApplicationCoordinator.swift in Sources */,
				9BEE1CC42585DA6B002A9D95 /* BoardSceneFactoryProtocol.swift in Sources */,
				3EF1A9C8276CE4CE0058EF2C /* Localization.swift in Sources */,
				9B564C5C256AA74100787FD7 /* TabBarController.swift in Sources */,
				EA9DE10F2563A82200AEFC19 /* FullscreenSwipeable.swift in Sources */,
				3E62051527624D3800CC8236 /* UIFont+Extension.swift in Sources */,
				EA9DE10F2563A82200AEFC19 /* FullscreenSwipeable.swift in Sources */,
				3EC2CB2829BB612100E70A45 /* BoardSearchViewController.swift in Sources */,
				3E62051527624D3800CC8236 /* UIFont+Extension.swift in Sources */,
				9B564C57256AA69500787FD7 /* CoordinatorFactory.swift in Sources */,
				EA475F7523C4834C000867FE /* AppDelegate.swift in Sources */,
				3EF1A9CF276CEAAE0058EF2C /* PttColors.swift in Sources */,
				9B564C33256A9F3500787FD7 /* Routerable.swift in Sources */,
				3EE7034B2767A12000FFF965 /* NavigationController+Extension.swift in Sources */,
				EA475F7723C4834C000867FE /* SceneDelegate.swift in Sources */,
				9B564C6B256AA8C800787FD7 /* BaseCoordinator.swift in Sources */,
				3E620517276252D800CC8236 /* NumberExtension.swift in Sources */,
				9BEE1CC02585D8E8002A9D95 /* BoardCoordinator.swift in Sources */,
				94EB641A25AD2FF800BF69AB /* KeyChainItem.swift in Sources */,
				CD767B5125B0B79B0050E12A /* UserDefaultsManager.swift in Sources */,
				3EC2CB2229BB53AC00E70A45 /* BoardsTableViewCell.swift in Sources */,
				CD767B7A25B0B9980050E12A /* SettingsViewController.swift in Sources */,
				CD767B4225B0B6690050E12A /* Extension.swift in Sources */,
				EAA4F6F323C72F95005ABCE3 /* APIClient.swift in Sources */,
				94BBA52025CF89D800FFFF0F /* RegisterViewController.swift in Sources */,
				EAA4F6F123C72B01005ABCE3 /* BoardViewController.swift in Sources */,
				9BEE1CA62584EA13002A9D95 /* SceneFactory.swift in Sources */,
				3E16943627611CE800F19B8E /* ConstrainsExtension.swift in Sources */,
				9B564C41256AA1F400787FD7 /* CoordinatorFactoryProtocol.swift in Sources */,
				3E65526D25595EE60026290B /* Article.swift in Sources */,
				3EC2CB2429BB542C00E70A45 /* UITableViewCell+Extension.swift in Sources */,
				9411EDA625A0AEC30005ADCB /* LoginCoordinator.swift in Sources */,
				3EDDC6DF29B453E000173F9F /* PostTypeSelectionView.swift in Sources */,
				3E65529A255962DA0026290B /* APIModel.swift in Sources */,
				3EC2CB4029BDAD8C00E70A45 /* BoardListViewModel.swift in Sources */,
				EA48D455299CC79B00EF4062 /* SingleArticleViewController.swift in Sources */,
				94EB641225AC183F00BF69AB /* LoginViewController.swift in Sources */,
				CD6C1C1E26B779A500EBFEA9 /* LoadingView.swift in Sources */,
				3EA6F1BA29B388AF005D8B09 /* ComposeArticleView.swift in Sources */,
				3E655290255960CF0026290B /* APIError.swift in Sources */,
				EA05B18B277312D5004C13A8 /* ButtonNode.swift in Sources */,
			);
			runOnlyForDeploymentPostprocessing = 0;
		};
		EA475F8323C4834C000867FE /* Sources */ = {
			isa = PBXSourcesBuildPhase;
			buildActionMask = 2147483647;
			files = (
				3EA6F1B429B37CB4005D8B09 /* BoardListFakeData.swift in Sources */,
				3E0101A925669DEE00D39FAD /* MockURLSessionDataTask.swift in Sources */,
				3E0101A325669DDB00D39FAD /* MockURLSession.swift in Sources */,
				EA475F8C23C4834C000867FE /* PttTests.swift in Sources */,
				EAE0839D27686657009DE954 /* ArticleTest.swift in Sources */,
				3E7CE88B29AE5BB600B39D0E /* GetFavoritesFakeData.swift in Sources */,
				3E0101AE25669F5A00D39FAD /* APIClientTest.swift in Sources */,
				3ECAD05D2762766A00F50A91 /* NumberExtensionTest.swift in Sources */,
				3E62051A2762723500CC8236 /* StringExtensionTest.swift in Sources */,
				3EE9355D29C9E7E400DCEC81 /* MockKeyChain.swift in Sources */,
				3EE352E7276DDF1000C2CE67 /* TimeIntervalExtensionTest.swift in Sources */,
				3E15F01A299E567B00651809 /* KeyChainItemTests.swift in Sources */,
				3ED16B3E25713D64004A33E0 /* APITestClient.swift in Sources */,
			);
			runOnlyForDeploymentPostprocessing = 0;
		};
/* End PBXSourcesBuildPhase section */

/* Begin PBXTargetDependency section */
		EA475F8923C4834C000867FE /* PBXTargetDependency */ = {
			isa = PBXTargetDependency;
			target = EA475F7023C4834C000867FE /* Ptt */;
			targetProxy = EA475F8823C4834C000867FE /* PBXContainerItemProxy */;
		};
/* End PBXTargetDependency section */

/* Begin PBXVariantGroup section */
		EA475F7F23C4834C000867FE /* LaunchScreen.storyboard */ = {
			isa = PBXVariantGroup;
			children = (
				EA475F8023C4834C000867FE /* Base */,
				EA475F9623C48C61000867FE /* zh-Hant */,
			);
			name = LaunchScreen.storyboard;
			sourceTree = "<group>";
		};
		EA475F9B23C48CC1000867FE /* Localizable.strings */ = {
			isa = PBXVariantGroup;
			children = (
				EA475F9A23C48CC1000867FE /* zh-Hant */,
				EA475F9C23C48CC3000867FE /* en */,
			);
			name = Localizable.strings;
			sourceTree = "<group>";
		};
/* End PBXVariantGroup section */

/* Begin XCBuildConfiguration section */
		EA475F8E23C4834C000867FE /* Debug */ = {
			isa = XCBuildConfiguration;
			buildSettings = {
				ALWAYS_SEARCH_USER_PATHS = NO;
				CLANG_ANALYZER_LOCALIZABILITY_NONLOCALIZED = YES;
				CLANG_ANALYZER_NONNULL = YES;
				CLANG_ANALYZER_NUMBER_OBJECT_CONVERSION = YES_AGGRESSIVE;
				CLANG_CXX_LANGUAGE_STANDARD = "gnu++14";
				CLANG_CXX_LIBRARY = "libc++";
				CLANG_ENABLE_MODULES = YES;
				CLANG_ENABLE_OBJC_ARC = YES;
				CLANG_ENABLE_OBJC_WEAK = YES;
				CLANG_WARN_BLOCK_CAPTURE_AUTORELEASING = YES;
				CLANG_WARN_BOOL_CONVERSION = YES;
				CLANG_WARN_COMMA = YES;
				CLANG_WARN_CONSTANT_CONVERSION = YES;
				CLANG_WARN_DEPRECATED_OBJC_IMPLEMENTATIONS = YES;
				CLANG_WARN_DIRECT_OBJC_ISA_USAGE = YES_ERROR;
				CLANG_WARN_DOCUMENTATION_COMMENTS = YES;
				CLANG_WARN_EMPTY_BODY = YES;
				CLANG_WARN_ENUM_CONVERSION = YES;
				CLANG_WARN_INFINITE_RECURSION = YES;
				CLANG_WARN_INT_CONVERSION = YES;
				CLANG_WARN_NON_LITERAL_NULL_CONVERSION = YES;
				CLANG_WARN_OBJC_IMPLICIT_RETAIN_SELF = YES;
				CLANG_WARN_OBJC_LITERAL_CONVERSION = YES;
				CLANG_WARN_OBJC_ROOT_CLASS = YES_ERROR;
				CLANG_WARN_RANGE_LOOP_ANALYSIS = YES;
				CLANG_WARN_STRICT_PROTOTYPES = YES;
				CLANG_WARN_SUSPICIOUS_MOVE = YES;
				CLANG_WARN_UNGUARDED_AVAILABILITY = YES_AGGRESSIVE;
				CLANG_WARN_UNREACHABLE_CODE = YES;
				CLANG_WARN__DUPLICATE_METHOD_MATCH = YES;
				COPY_PHASE_STRIP = NO;
				DEBUG_INFORMATION_FORMAT = dwarf;
				ENABLE_STRICT_OBJC_MSGSEND = YES;
				ENABLE_TESTABILITY = YES;
				GCC_C_LANGUAGE_STANDARD = gnu11;
				GCC_DYNAMIC_NO_PIC = NO;
				GCC_NO_COMMON_BLOCKS = YES;
				GCC_OPTIMIZATION_LEVEL = 0;
				GCC_PREPROCESSOR_DEFINITIONS = (
					"DEBUG=1",
					"$(inherited)",
				);
				GCC_WARN_64_TO_32_BIT_CONVERSION = YES;
				GCC_WARN_ABOUT_RETURN_TYPE = YES_ERROR;
				GCC_WARN_UNDECLARED_SELECTOR = YES;
				GCC_WARN_UNINITIALIZED_AUTOS = YES_AGGRESSIVE;
				GCC_WARN_UNUSED_FUNCTION = YES;
				GCC_WARN_UNUSED_VARIABLE = YES;
				IPHONEOS_DEPLOYMENT_TARGET = 14.0;
				MTL_ENABLE_DEBUG_INFO = INCLUDE_SOURCE;
				MTL_FAST_MATH = YES;
				ONLY_ACTIVE_ARCH = YES;
				SDKROOT = iphoneos;
				SWIFT_ACTIVE_COMPILATION_CONDITIONS = DEBUG;
				SWIFT_OPTIMIZATION_LEVEL = "-Onone";
			};
			name = Debug;
		};
		EA475F8F23C4834C000867FE /* Release */ = {
			isa = XCBuildConfiguration;
			buildSettings = {
				ALWAYS_SEARCH_USER_PATHS = NO;
				CLANG_ANALYZER_LOCALIZABILITY_NONLOCALIZED = YES;
				CLANG_ANALYZER_NONNULL = YES;
				CLANG_ANALYZER_NUMBER_OBJECT_CONVERSION = YES_AGGRESSIVE;
				CLANG_CXX_LANGUAGE_STANDARD = "gnu++14";
				CLANG_CXX_LIBRARY = "libc++";
				CLANG_ENABLE_MODULES = YES;
				CLANG_ENABLE_OBJC_ARC = YES;
				CLANG_ENABLE_OBJC_WEAK = YES;
				CLANG_WARN_BLOCK_CAPTURE_AUTORELEASING = YES;
				CLANG_WARN_BOOL_CONVERSION = YES;
				CLANG_WARN_COMMA = YES;
				CLANG_WARN_CONSTANT_CONVERSION = YES;
				CLANG_WARN_DEPRECATED_OBJC_IMPLEMENTATIONS = YES;
				CLANG_WARN_DIRECT_OBJC_ISA_USAGE = YES_ERROR;
				CLANG_WARN_DOCUMENTATION_COMMENTS = YES;
				CLANG_WARN_EMPTY_BODY = YES;
				CLANG_WARN_ENUM_CONVERSION = YES;
				CLANG_WARN_INFINITE_RECURSION = YES;
				CLANG_WARN_INT_CONVERSION = YES;
				CLANG_WARN_NON_LITERAL_NULL_CONVERSION = YES;
				CLANG_WARN_OBJC_IMPLICIT_RETAIN_SELF = YES;
				CLANG_WARN_OBJC_LITERAL_CONVERSION = YES;
				CLANG_WARN_OBJC_ROOT_CLASS = YES_ERROR;
				CLANG_WARN_RANGE_LOOP_ANALYSIS = YES;
				CLANG_WARN_STRICT_PROTOTYPES = YES;
				CLANG_WARN_SUSPICIOUS_MOVE = YES;
				CLANG_WARN_UNGUARDED_AVAILABILITY = YES_AGGRESSIVE;
				CLANG_WARN_UNREACHABLE_CODE = YES;
				CLANG_WARN__DUPLICATE_METHOD_MATCH = YES;
				COPY_PHASE_STRIP = NO;
				DEBUG_INFORMATION_FORMAT = "dwarf-with-dsym";
				ENABLE_NS_ASSERTIONS = NO;
				ENABLE_STRICT_OBJC_MSGSEND = YES;
				GCC_C_LANGUAGE_STANDARD = gnu11;
				GCC_NO_COMMON_BLOCKS = YES;
				GCC_WARN_64_TO_32_BIT_CONVERSION = YES;
				GCC_WARN_ABOUT_RETURN_TYPE = YES_ERROR;
				GCC_WARN_UNDECLARED_SELECTOR = YES;
				GCC_WARN_UNINITIALIZED_AUTOS = YES_AGGRESSIVE;
				GCC_WARN_UNUSED_FUNCTION = YES;
				GCC_WARN_UNUSED_VARIABLE = YES;
				IPHONEOS_DEPLOYMENT_TARGET = 14.0;
				MTL_ENABLE_DEBUG_INFO = NO;
				MTL_FAST_MATH = YES;
				SDKROOT = iphoneos;
				SWIFT_COMPILATION_MODE = wholemodule;
				SWIFT_OPTIMIZATION_LEVEL = "-O";
				VALIDATE_PRODUCT = YES;
			};
			name = Release;
		};
		EA475F9123C4834C000867FE /* Debug */ = {
			isa = XCBuildConfiguration;
			baseConfigurationReference = 46B9993AD4E3522178E28D0D /* Pods-Ptt.debug.xcconfig */;
			buildSettings = {
				ASSETCATALOG_COMPILER_APPICON_NAME = AppIcon;
				CODE_SIGN_STYLE = Automatic;
				CURRENT_PROJECT_VERSION = 1;
				DEVELOPMENT_TEAM = 3ZNSUU6BW4;
				INFOPLIST_FILE = Ptt/Info.plist;
				IPHONEOS_DEPLOYMENT_TARGET = 14.0;
				LD_RUNPATH_SEARCH_PATHS = (
					"$(inherited)",
					"@executable_path/Frameworks",
				);
				PRODUCT_BUNDLE_IDENTIFIER = cc.ptt.ios;
				PRODUCT_NAME = "$(TARGET_NAME)";
				SWIFT_VERSION = 5.0;
				TARGETED_DEVICE_FAMILY = "1,2";
			};
			name = Debug;
		};
		EA475F9223C4834C000867FE /* Release */ = {
			isa = XCBuildConfiguration;
			baseConfigurationReference = 80D0972759B39673EF30B8DB /* Pods-Ptt.release.xcconfig */;
			buildSettings = {
				ASSETCATALOG_COMPILER_APPICON_NAME = AppIcon;
				CODE_SIGN_STYLE = Automatic;
				CURRENT_PROJECT_VERSION = 1;
				DEVELOPMENT_TEAM = 3ZNSUU6BW4;
				INFOPLIST_FILE = Ptt/Info.plist;
				IPHONEOS_DEPLOYMENT_TARGET = 14.0;
				LD_RUNPATH_SEARCH_PATHS = (
					"$(inherited)",
					"@executable_path/Frameworks",
				);
				PRODUCT_BUNDLE_IDENTIFIER = cc.ptt.ios;
				PRODUCT_NAME = "$(TARGET_NAME)";
				SWIFT_VERSION = 5.0;
				TARGETED_DEVICE_FAMILY = "1,2";
			};
			name = Release;
		};
		EA475F9423C4834C000867FE /* Debug */ = {
			isa = XCBuildConfiguration;
			baseConfigurationReference = 1A7B5590D02D31130EA55DE3 /* Pods-PttTests.debug.xcconfig */;
			buildSettings = {
				ALWAYS_EMBED_SWIFT_STANDARD_LIBRARIES = YES;
				BUNDLE_LOADER = "$(TEST_HOST)";
				CODE_SIGN_STYLE = Automatic;
				DEVELOPMENT_TEAM = "";
				INFOPLIST_FILE = PttTests/Info.plist;
				IPHONEOS_DEPLOYMENT_TARGET = 14.0;
				LD_RUNPATH_SEARCH_PATHS = (
					"$(inherited)",
					"@executable_path/Frameworks",
					"@loader_path/Frameworks",
				);
				PRODUCT_BUNDLE_IDENTIFIER = org.ptt.PttTests;
				PRODUCT_NAME = "$(TARGET_NAME)";
				SWIFT_VERSION = 5.0;
				TARGETED_DEVICE_FAMILY = "1,2";
				TEST_HOST = "$(BUILT_PRODUCTS_DIR)/Ptt.app/Ptt";
			};
			name = Debug;
		};
		EA475F9523C4834C000867FE /* Release */ = {
			isa = XCBuildConfiguration;
			baseConfigurationReference = 8A0F49F3FB80A16A715149ED /* Pods-PttTests.release.xcconfig */;
			buildSettings = {
				ALWAYS_EMBED_SWIFT_STANDARD_LIBRARIES = YES;
				BUNDLE_LOADER = "$(TEST_HOST)";
				CODE_SIGN_STYLE = Automatic;
				DEVELOPMENT_TEAM = "";
				INFOPLIST_FILE = PttTests/Info.plist;
				IPHONEOS_DEPLOYMENT_TARGET = 14.0;
				LD_RUNPATH_SEARCH_PATHS = (
					"$(inherited)",
					"@executable_path/Frameworks",
					"@loader_path/Frameworks",
				);
				PRODUCT_BUNDLE_IDENTIFIER = org.ptt.PttTests;
				PRODUCT_NAME = "$(TARGET_NAME)";
				SWIFT_VERSION = 5.0;
				TARGETED_DEVICE_FAMILY = "1,2";
				TEST_HOST = "$(BUILT_PRODUCTS_DIR)/Ptt.app/Ptt";
			};
			name = Release;
		};
/* End XCBuildConfiguration section */

/* Begin XCConfigurationList section */
		EA475F6C23C4834C000867FE /* Build configuration list for PBXProject "Ptt" */ = {
			isa = XCConfigurationList;
			buildConfigurations = (
				EA475F8E23C4834C000867FE /* Debug */,
				EA475F8F23C4834C000867FE /* Release */,
			);
			defaultConfigurationIsVisible = 0;
			defaultConfigurationName = Release;
		};
		EA475F9023C4834C000867FE /* Build configuration list for PBXNativeTarget "Ptt" */ = {
			isa = XCConfigurationList;
			buildConfigurations = (
				EA475F9123C4834C000867FE /* Debug */,
				EA475F9223C4834C000867FE /* Release */,
			);
			defaultConfigurationIsVisible = 0;
			defaultConfigurationName = Release;
		};
		EA475F9323C4834C000867FE /* Build configuration list for PBXNativeTarget "PttTests" */ = {
			isa = XCConfigurationList;
			buildConfigurations = (
				EA475F9423C4834C000867FE /* Debug */,
				EA475F9523C4834C000867FE /* Release */,
			);
			defaultConfigurationIsVisible = 0;
			defaultConfigurationName = Release;
		};
/* End XCConfigurationList section */
	};
	rootObject = EA475F6923C4834C000867FE /* Project object */;
}
