// !$*UTF8*$!
{
	archiveVersion = 1;
	classes = {
	};
	objectVersion = 51;
	objects = {

/* Begin PBXBuildFile section */
		3E0101A325669DDB00D39FAD /* MockURLSession.swift in Sources */ = {isa = PBXBuildFile; fileRef = 3E0101A225669DDB00D39FAD /* MockURLSession.swift */; };
		3E0101A925669DEE00D39FAD /* MockURLSessionDataTask.swift in Sources */ = {isa = PBXBuildFile; fileRef = 3E0101A825669DEE00D39FAD /* MockURLSessionDataTask.swift */; };
		3E0101AE25669F5A00D39FAD /* APIClientTest.swift in Sources */ = {isa = PBXBuildFile; fileRef = 3E0101AD25669F5A00D39FAD /* APIClientTest.swift */; };
		3E0101B52566A9C500D39FAD /* NewPostlist.json in Resources */ = {isa = PBXBuildFile; fileRef = 3E0101B42566A9C500D39FAD /* NewPostlist.json */; };
		3E0101BD2566AD1400D39FAD /* GetPost.json in Resources */ = {isa = PBXBuildFile; fileRef = 3E0101BC2566AD1400D39FAD /* GetPost.json */; };
		3E29388125596BA900240C0F /* URLSessionProtocol.swift in Sources */ = {isa = PBXBuildFile; fileRef = 3E29388025596BA900240C0F /* URLSessionProtocol.swift */; };
		3E65526D25595EE60026290B /* Post.swift in Sources */ = {isa = PBXBuildFile; fileRef = 3E65526C25595EE60026290B /* Post.swift */; };
		3E65527125595F0D0026290B /* BoardInfo.swift in Sources */ = {isa = PBXBuildFile; fileRef = 3E65527025595F0D0026290B /* BoardInfo.swift */; };
		3E65527525595F9E0026290B /* BoardPost.swift in Sources */ = {isa = PBXBuildFile; fileRef = 3E65527425595F9E0026290B /* BoardPost.swift */; };
		3E65527925595FBE0026290B /* Message.swift in Sources */ = {isa = PBXBuildFile; fileRef = 3E65527825595FBE0026290B /* Message.swift */; };
		3E65527D25595FD30026290B /* Board.swift in Sources */ = {isa = PBXBuildFile; fileRef = 3E65527C25595FD30026290B /* Board.swift */; };
		3E6552822559604C0026290B /* APIClientProtocol.swift in Sources */ = {isa = PBXBuildFile; fileRef = 3E6552812559604C0026290B /* APIClientProtocol.swift */; };
		3E655288255960910026290B /* FullPost.swift in Sources */ = {isa = PBXBuildFile; fileRef = 3E655287255960910026290B /* FullPost.swift */; };
		3E65528C255960AE0026290B /* Comment.swift in Sources */ = {isa = PBXBuildFile; fileRef = 3E65528B255960AE0026290B /* Comment.swift */; };
		3E655290255960CF0026290B /* APIError.swift in Sources */ = {isa = PBXBuildFile; fileRef = 3E65528F255960CF0026290B /* APIError.swift */; };
		3E65529A255962DA0026290B /* APIModel.swift in Sources */ = {isa = PBXBuildFile; fileRef = 3E655299255962DA0026290B /* APIModel.swift */; };
		3ED16B3E25713D64004A33E0 /* APITestClient.swift in Sources */ = {isa = PBXBuildFile; fileRef = 3ED16B3D25713D64004A33E0 /* APITestClient.swift */; };
		98E73DAD0503CF0D8D585826 /* Pods_PttTests.framework in Frameworks */ = {isa = PBXBuildFile; fileRef = E84C05B084821F8B5031D3BD /* Pods_PttTests.framework */; };
		9B564C28256A9D7800787FD7 /* Coordinatorable.swift in Sources */ = {isa = PBXBuildFile; fileRef = 9B564C27256A9D7800787FD7 /* Coordinatorable.swift */; };
		9B564C2F256A9EAC00787FD7 /* Presentable.swift in Sources */ = {isa = PBXBuildFile; fileRef = 9B564C2E256A9EAC00787FD7 /* Presentable.swift */; };
		9B564C33256A9F3500787FD7 /* Routerable.swift in Sources */ = {isa = PBXBuildFile; fileRef = 9B564C32256A9F3500787FD7 /* Routerable.swift */; };
		9B564C3D256AA0EB00787FD7 /* Router.swift in Sources */ = {isa = PBXBuildFile; fileRef = 9B564C3C256AA0EB00787FD7 /* Router.swift */; };
		9B564C41256AA1F400787FD7 /* CoordinatorFactoryProtocol.swift in Sources */ = {isa = PBXBuildFile; fileRef = 9B564C40256AA1F400787FD7 /* CoordinatorFactoryProtocol.swift */; };
		9B564C57256AA69500787FD7 /* CoordinatorFactory.swift in Sources */ = {isa = PBXBuildFile; fileRef = 9B564C56256AA69500787FD7 /* CoordinatorFactory.swift */; };
		9B564C5C256AA74100787FD7 /* TabBarController.swift in Sources */ = {isa = PBXBuildFile; fileRef = 9B564C5B256AA74100787FD7 /* TabBarController.swift */; };
		9B564C65256AA83100787FD7 /* TabBarView.swift in Sources */ = {isa = PBXBuildFile; fileRef = 9B564C64256AA83100787FD7 /* TabBarView.swift */; };
		9B564C6B256AA8C800787FD7 /* BaseCoordinator.swift in Sources */ = {isa = PBXBuildFile; fileRef = 9B564C6A256AA8C800787FD7 /* BaseCoordinator.swift */; };
		9B564C71256AAF8000787FD7 /* TabBarCoordinator.swift in Sources */ = {isa = PBXBuildFile; fileRef = 9B564C70256AAF8000787FD7 /* TabBarCoordinator.swift */; };
		9BEE1C592584B2C0002A9D95 /* ApplicationCoordinator.swift in Sources */ = {isa = PBXBuildFile; fileRef = 9BEE1C582584B2C0002A9D95 /* ApplicationCoordinator.swift */; };
		9BEE1C5F2584BA0A002A9D95 /* Main.storyboard in Resources */ = {isa = PBXBuildFile; fileRef = 9BEE1C5E2584BA0A002A9D95 /* Main.storyboard */; };
		9BEE1C642584BBD2002A9D95 /* Storyboards.swift in Sources */ = {isa = PBXBuildFile; fileRef = 9BEE1C632584BBD2002A9D95 /* Storyboards.swift */; };
		9BEE1C682584BC5C002A9D95 /* UIViewControllerExtension.swift in Sources */ = {isa = PBXBuildFile; fileRef = 9BEE1C672584BC5C002A9D95 /* UIViewControllerExtension.swift */; };
		9BEE1C712584BCC9002A9D95 /* NSObjectExtensions.swift in Sources */ = {isa = PBXBuildFile; fileRef = 9BEE1C702584BCC9002A9D95 /* NSObjectExtensions.swift */; };
		9BEE1C972584E773002A9D95 /* BaseView.swift in Sources */ = {isa = PBXBuildFile; fileRef = 9BEE1C962584E773002A9D95 /* BaseView.swift */; };
		9BEE1C9E2584E7E1002A9D95 /* FavoriteCoordinator.swift in Sources */ = {isa = PBXBuildFile; fileRef = 9BEE1C9D2584E7E1002A9D95 /* FavoriteCoordinator.swift */; };
		9BEE1CA22584E82E002A9D95 /* FavoriteSceneFactoryProtocol.swift in Sources */ = {isa = PBXBuildFile; fileRef = 9BEE1CA12584E82E002A9D95 /* FavoriteSceneFactoryProtocol.swift */; };
		9BEE1CA62584EA13002A9D95 /* SceneFactory.swift in Sources */ = {isa = PBXBuildFile; fileRef = 9BEE1CA52584EA13002A9D95 /* SceneFactory.swift */; };
		9BEE1CB02584F60B002A9D95 /* HotTopicCoordinator.swift in Sources */ = {isa = PBXBuildFile; fileRef = 9BEE1CAF2584F60B002A9D95 /* HotTopicCoordinator.swift */; };
		9BEE1CB42584F644002A9D95 /* HotTopicSceneFactoryProtocol.swift in Sources */ = {isa = PBXBuildFile; fileRef = 9BEE1CB32584F644002A9D95 /* HotTopicSceneFactoryProtocol.swift */; };
		EA41D65D243EF51A0052F4A1 /* HotTopicViewController.swift in Sources */ = {isa = PBXBuildFile; fileRef = EA41D65C243EF51A0052F4A1 /* HotTopicViewController.swift */; };
		EA475F7523C4834C000867FE /* AppDelegate.swift in Sources */ = {isa = PBXBuildFile; fileRef = EA475F7423C4834C000867FE /* AppDelegate.swift */; };
		EA475F7723C4834C000867FE /* SceneDelegate.swift in Sources */ = {isa = PBXBuildFile; fileRef = EA475F7623C4834C000867FE /* SceneDelegate.swift */; };
		EA475F7923C4834C000867FE /* FavoriteViewController.swift in Sources */ = {isa = PBXBuildFile; fileRef = EA475F7823C4834C000867FE /* FavoriteViewController.swift */; };
		EA475F7E23C4834C000867FE /* Assets.xcassets in Resources */ = {isa = PBXBuildFile; fileRef = EA475F7D23C4834C000867FE /* Assets.xcassets */; };
		EA475F8123C4834C000867FE /* LaunchScreen.storyboard in Resources */ = {isa = PBXBuildFile; fileRef = EA475F7F23C4834C000867FE /* LaunchScreen.storyboard */; };
		EA475F8C23C4834C000867FE /* PttTests.swift in Sources */ = {isa = PBXBuildFile; fileRef = EA475F8B23C4834C000867FE /* PttTests.swift */; };
		EA475F9923C48CC1000867FE /* Localizable.strings in Resources */ = {isa = PBXBuildFile; fileRef = EA475F9B23C48CC1000867FE /* Localizable.strings */; };
		EA479EB42431F27C008A0D99 /* PostViewController.swift in Sources */ = {isa = PBXBuildFile; fileRef = EA479EB32431F27C008A0D99 /* PostViewController.swift */; };
		EA62540E242DAAF600E977FE /* Extension.swift in Sources */ = {isa = PBXBuildFile; fileRef = EA62540D242DAAF600E977FE /* Extension.swift */; };
		EA78E0C124050EB100309694 /* StyleKit.swift in Sources */ = {isa = PBXBuildFile; fileRef = EA78E0C024050EB000309694 /* StyleKit.swift */; };
		EA9DE10F2563A82200AEFC19 /* FullscreenSwipeBack.swift in Sources */ = {isa = PBXBuildFile; fileRef = EA9DE10E2563A82200AEFC19 /* FullscreenSwipeBack.swift */; };
		EAA4F6F123C72B01005ABCE3 /* BoardViewController.swift in Sources */ = {isa = PBXBuildFile; fileRef = EAA4F6F023C72B01005ABCE3 /* BoardViewController.swift */; };
		EAA4F6F323C72F95005ABCE3 /* APIClient.swift in Sources */ = {isa = PBXBuildFile; fileRef = EAA4F6F223C72F95005ABCE3 /* APIClient.swift */; };
		FFC18D2A87D55C733ABEBA14 /* Pods_Ptt.framework in Frameworks */ = {isa = PBXBuildFile; fileRef = DBDA47B1E79A476E2E89A118 /* Pods_Ptt.framework */; };
/* End PBXBuildFile section */

/* Begin PBXContainerItemProxy section */
		EA475F8823C4834C000867FE /* PBXContainerItemProxy */ = {
			isa = PBXContainerItemProxy;
			containerPortal = EA475F6923C4834C000867FE /* Project object */;
			proxyType = 1;
			remoteGlobalIDString = EA475F7023C4834C000867FE;
			remoteInfo = Ptt;
		};
/* End PBXContainerItemProxy section */

/* Begin PBXFileReference section */
		1A7B5590D02D31130EA55DE3 /* Pods-PttTests.debug.xcconfig */ = {isa = PBXFileReference; includeInIndex = 1; lastKnownFileType = text.xcconfig; name = "Pods-PttTests.debug.xcconfig"; path = "Target Support Files/Pods-PttTests/Pods-PttTests.debug.xcconfig"; sourceTree = "<group>"; };
		3E0101A225669DDB00D39FAD /* MockURLSession.swift */ = {isa = PBXFileReference; lastKnownFileType = sourcecode.swift; path = MockURLSession.swift; sourceTree = "<group>"; };
		3E0101A825669DEE00D39FAD /* MockURLSessionDataTask.swift */ = {isa = PBXFileReference; lastKnownFileType = sourcecode.swift; path = MockURLSessionDataTask.swift; sourceTree = "<group>"; };
		3E0101AD25669F5A00D39FAD /* APIClientTest.swift */ = {isa = PBXFileReference; lastKnownFileType = sourcecode.swift; path = APIClientTest.swift; sourceTree = "<group>"; };
		3E0101B42566A9C500D39FAD /* NewPostlist.json */ = {isa = PBXFileReference; lastKnownFileType = text.json; path = NewPostlist.json; sourceTree = "<group>"; };
		3E0101BC2566AD1400D39FAD /* GetPost.json */ = {isa = PBXFileReference; lastKnownFileType = text.json; path = GetPost.json; sourceTree = "<group>"; };
		3E29388025596BA900240C0F /* URLSessionProtocol.swift */ = {isa = PBXFileReference; lastKnownFileType = sourcecode.swift; path = URLSessionProtocol.swift; sourceTree = "<group>"; };
		3E65526C25595EE60026290B /* Post.swift */ = {isa = PBXFileReference; lastKnownFileType = sourcecode.swift; path = Post.swift; sourceTree = "<group>"; };
		3E65527025595F0D0026290B /* BoardInfo.swift */ = {isa = PBXFileReference; lastKnownFileType = sourcecode.swift; path = BoardInfo.swift; sourceTree = "<group>"; };
		3E65527425595F9E0026290B /* BoardPost.swift */ = {isa = PBXFileReference; lastKnownFileType = sourcecode.swift; path = BoardPost.swift; sourceTree = "<group>"; };
		3E65527825595FBE0026290B /* Message.swift */ = {isa = PBXFileReference; lastKnownFileType = sourcecode.swift; path = Message.swift; sourceTree = "<group>"; };
		3E65527C25595FD30026290B /* Board.swift */ = {isa = PBXFileReference; lastKnownFileType = sourcecode.swift; path = Board.swift; sourceTree = "<group>"; };
		3E6552812559604C0026290B /* APIClientProtocol.swift */ = {isa = PBXFileReference; lastKnownFileType = sourcecode.swift; path = APIClientProtocol.swift; sourceTree = "<group>"; };
		3E655287255960910026290B /* FullPost.swift */ = {isa = PBXFileReference; lastKnownFileType = sourcecode.swift; path = FullPost.swift; sourceTree = "<group>"; };
		3E65528B255960AE0026290B /* Comment.swift */ = {isa = PBXFileReference; lastKnownFileType = sourcecode.swift; path = Comment.swift; sourceTree = "<group>"; };
		3E65528F255960CF0026290B /* APIError.swift */ = {isa = PBXFileReference; lastKnownFileType = sourcecode.swift; path = APIError.swift; sourceTree = "<group>"; };
		3E655299255962DA0026290B /* APIModel.swift */ = {isa = PBXFileReference; lastKnownFileType = sourcecode.swift; path = APIModel.swift; sourceTree = "<group>"; };
		3ED16B3D25713D64004A33E0 /* APITestClient.swift */ = {isa = PBXFileReference; lastKnownFileType = sourcecode.swift; path = APITestClient.swift; sourceTree = "<group>"; };
		46B9993AD4E3522178E28D0D /* Pods-Ptt.debug.xcconfig */ = {isa = PBXFileReference; includeInIndex = 1; lastKnownFileType = text.xcconfig; name = "Pods-Ptt.debug.xcconfig"; path = "Target Support Files/Pods-Ptt/Pods-Ptt.debug.xcconfig"; sourceTree = "<group>"; };
		80D0972759B39673EF30B8DB /* Pods-Ptt.release.xcconfig */ = {isa = PBXFileReference; includeInIndex = 1; lastKnownFileType = text.xcconfig; name = "Pods-Ptt.release.xcconfig"; path = "Target Support Files/Pods-Ptt/Pods-Ptt.release.xcconfig"; sourceTree = "<group>"; };
		8A0F49F3FB80A16A715149ED /* Pods-PttTests.release.xcconfig */ = {isa = PBXFileReference; includeInIndex = 1; lastKnownFileType = text.xcconfig; name = "Pods-PttTests.release.xcconfig"; path = "Target Support Files/Pods-PttTests/Pods-PttTests.release.xcconfig"; sourceTree = "<group>"; };
		9B564C27256A9D7800787FD7 /* Coordinatorable.swift */ = {isa = PBXFileReference; lastKnownFileType = sourcecode.swift; path = Coordinatorable.swift; sourceTree = "<group>"; };
		9B564C2E256A9EAC00787FD7 /* Presentable.swift */ = {isa = PBXFileReference; lastKnownFileType = sourcecode.swift; path = Presentable.swift; sourceTree = "<group>"; };
		9B564C32256A9F3500787FD7 /* Routerable.swift */ = {isa = PBXFileReference; lastKnownFileType = sourcecode.swift; path = Routerable.swift; sourceTree = "<group>"; };
		9B564C3C256AA0EB00787FD7 /* Router.swift */ = {isa = PBXFileReference; lastKnownFileType = sourcecode.swift; path = Router.swift; sourceTree = "<group>"; };
		9B564C40256AA1F400787FD7 /* CoordinatorFactoryProtocol.swift */ = {isa = PBXFileReference; lastKnownFileType = sourcecode.swift; path = CoordinatorFactoryProtocol.swift; sourceTree = "<group>"; };
		9B564C56256AA69500787FD7 /* CoordinatorFactory.swift */ = {isa = PBXFileReference; lastKnownFileType = sourcecode.swift; path = CoordinatorFactory.swift; sourceTree = "<group>"; };
		9B564C5B256AA74100787FD7 /* TabBarController.swift */ = {isa = PBXFileReference; lastKnownFileType = sourcecode.swift; path = TabBarController.swift; sourceTree = "<group>"; };
		9B564C64256AA83100787FD7 /* TabBarView.swift */ = {isa = PBXFileReference; lastKnownFileType = sourcecode.swift; path = TabBarView.swift; sourceTree = "<group>"; };
		9B564C6A256AA8C800787FD7 /* BaseCoordinator.swift */ = {isa = PBXFileReference; lastKnownFileType = sourcecode.swift; path = BaseCoordinator.swift; sourceTree = "<group>"; };
		9B564C70256AAF8000787FD7 /* TabBarCoordinator.swift */ = {isa = PBXFileReference; lastKnownFileType = sourcecode.swift; path = TabBarCoordinator.swift; sourceTree = "<group>"; };
		9BEE1C582584B2C0002A9D95 /* ApplicationCoordinator.swift */ = {isa = PBXFileReference; lastKnownFileType = sourcecode.swift; path = ApplicationCoordinator.swift; sourceTree = "<group>"; };
		9BEE1C5E2584BA0A002A9D95 /* Main.storyboard */ = {isa = PBXFileReference; lastKnownFileType = file.storyboard; path = Main.storyboard; sourceTree = "<group>"; };
		9BEE1C632584BBD2002A9D95 /* Storyboards.swift */ = {isa = PBXFileReference; lastKnownFileType = sourcecode.swift; path = Storyboards.swift; sourceTree = "<group>"; };
		9BEE1C672584BC5C002A9D95 /* UIViewControllerExtension.swift */ = {isa = PBXFileReference; lastKnownFileType = sourcecode.swift; path = UIViewControllerExtension.swift; sourceTree = "<group>"; };
		9BEE1C702584BCC9002A9D95 /* NSObjectExtensions.swift */ = {isa = PBXFileReference; lastKnownFileType = sourcecode.swift; path = NSObjectExtensions.swift; sourceTree = "<group>"; };
		9BEE1C962584E773002A9D95 /* BaseView.swift */ = {isa = PBXFileReference; lastKnownFileType = sourcecode.swift; path = BaseView.swift; sourceTree = "<group>"; };
		9BEE1C9D2584E7E1002A9D95 /* FavoriteCoordinator.swift */ = {isa = PBXFileReference; lastKnownFileType = sourcecode.swift; path = FavoriteCoordinator.swift; sourceTree = "<group>"; };
		9BEE1CA12584E82E002A9D95 /* FavoriteSceneFactoryProtocol.swift */ = {isa = PBXFileReference; lastKnownFileType = sourcecode.swift; path = FavoriteSceneFactoryProtocol.swift; sourceTree = "<group>"; };
		9BEE1CA52584EA13002A9D95 /* SceneFactory.swift */ = {isa = PBXFileReference; lastKnownFileType = sourcecode.swift; path = SceneFactory.swift; sourceTree = "<group>"; };
		9BEE1CAF2584F60B002A9D95 /* HotTopicCoordinator.swift */ = {isa = PBXFileReference; lastKnownFileType = sourcecode.swift; path = HotTopicCoordinator.swift; sourceTree = "<group>"; };
		9BEE1CB32584F644002A9D95 /* HotTopicSceneFactoryProtocol.swift */ = {isa = PBXFileReference; lastKnownFileType = sourcecode.swift; path = HotTopicSceneFactoryProtocol.swift; sourceTree = "<group>"; };
		DBDA47B1E79A476E2E89A118 /* Pods_Ptt.framework */ = {isa = PBXFileReference; explicitFileType = wrapper.framework; includeInIndex = 0; path = Pods_Ptt.framework; sourceTree = BUILT_PRODUCTS_DIR; };
		E84C05B084821F8B5031D3BD /* Pods_PttTests.framework */ = {isa = PBXFileReference; explicitFileType = wrapper.framework; includeInIndex = 0; path = Pods_PttTests.framework; sourceTree = BUILT_PRODUCTS_DIR; };
		EA41D65C243EF51A0052F4A1 /* HotTopicViewController.swift */ = {isa = PBXFileReference; lastKnownFileType = sourcecode.swift; path = HotTopicViewController.swift; sourceTree = "<group>"; };
		EA475F7123C4834C000867FE /* Ptt.app */ = {isa = PBXFileReference; explicitFileType = wrapper.application; includeInIndex = 0; path = Ptt.app; sourceTree = BUILT_PRODUCTS_DIR; };
		EA475F7423C4834C000867FE /* AppDelegate.swift */ = {isa = PBXFileReference; lastKnownFileType = sourcecode.swift; path = AppDelegate.swift; sourceTree = "<group>"; };
		EA475F7623C4834C000867FE /* SceneDelegate.swift */ = {isa = PBXFileReference; lastKnownFileType = sourcecode.swift; path = SceneDelegate.swift; sourceTree = "<group>"; };
		EA475F7823C4834C000867FE /* FavoriteViewController.swift */ = {isa = PBXFileReference; lastKnownFileType = sourcecode.swift; path = FavoriteViewController.swift; sourceTree = "<group>"; };
		EA475F7D23C4834C000867FE /* Assets.xcassets */ = {isa = PBXFileReference; lastKnownFileType = folder.assetcatalog; path = Assets.xcassets; sourceTree = "<group>"; };
		EA475F8023C4834C000867FE /* Base */ = {isa = PBXFileReference; lastKnownFileType = file.storyboard; name = Base; path = Base.lproj/LaunchScreen.storyboard; sourceTree = "<group>"; };
		EA475F8223C4834C000867FE /* Info.plist */ = {isa = PBXFileReference; lastKnownFileType = text.plist.xml; path = Info.plist; sourceTree = "<group>"; };
		EA475F8723C4834C000867FE /* PttTests.xctest */ = {isa = PBXFileReference; explicitFileType = wrapper.cfbundle; includeInIndex = 0; path = PttTests.xctest; sourceTree = BUILT_PRODUCTS_DIR; };
		EA475F8B23C4834C000867FE /* PttTests.swift */ = {isa = PBXFileReference; lastKnownFileType = sourcecode.swift; path = PttTests.swift; sourceTree = "<group>"; };
		EA475F8D23C4834C000867FE /* Info.plist */ = {isa = PBXFileReference; lastKnownFileType = text.plist.xml; path = Info.plist; sourceTree = "<group>"; };
		EA475F9623C48C61000867FE /* zh-Hant */ = {isa = PBXFileReference; lastKnownFileType = text.plist.strings; name = "zh-Hant"; path = "zh-Hant.lproj/LaunchScreen.strings"; sourceTree = "<group>"; };
		EA475F9A23C48CC1000867FE /* zh-Hant */ = {isa = PBXFileReference; lastKnownFileType = text.plist.strings; name = "zh-Hant"; path = "zh-Hant.lproj/Localizable.strings"; sourceTree = "<group>"; };
		EA475F9C23C48CC3000867FE /* en */ = {isa = PBXFileReference; lastKnownFileType = text.plist.strings; name = en; path = en.lproj/Localizable.strings; sourceTree = "<group>"; };
		EA479EB32431F27C008A0D99 /* PostViewController.swift */ = {isa = PBXFileReference; lastKnownFileType = sourcecode.swift; path = PostViewController.swift; sourceTree = "<group>"; };
		EA62540D242DAAF600E977FE /* Extension.swift */ = {isa = PBXFileReference; lastKnownFileType = sourcecode.swift; path = Extension.swift; sourceTree = "<group>"; };
		EA78E0C024050EB000309694 /* StyleKit.swift */ = {isa = PBXFileReference; fileEncoding = 4; lastKnownFileType = sourcecode.swift; path = StyleKit.swift; sourceTree = "<group>"; };
		EA9DE10E2563A82200AEFC19 /* FullscreenSwipeBack.swift */ = {isa = PBXFileReference; fileEncoding = 4; lastKnownFileType = sourcecode.swift; path = FullscreenSwipeBack.swift; sourceTree = "<group>"; };
		EAA4F6F023C72B01005ABCE3 /* BoardViewController.swift */ = {isa = PBXFileReference; lastKnownFileType = sourcecode.swift; path = BoardViewController.swift; sourceTree = "<group>"; };
		EAA4F6F223C72F95005ABCE3 /* APIClient.swift */ = {isa = PBXFileReference; lastKnownFileType = sourcecode.swift; path = APIClient.swift; sourceTree = "<group>"; };
/* End PBXFileReference section */

/* Begin PBXFrameworksBuildPhase section */
		EA475F6E23C4834C000867FE /* Frameworks */ = {
			isa = PBXFrameworksBuildPhase;
			buildActionMask = 2147483647;
			files = (
				FFC18D2A87D55C733ABEBA14 /* Pods_Ptt.framework in Frameworks */,
			);
			runOnlyForDeploymentPostprocessing = 0;
		};
		EA475F8423C4834C000867FE /* Frameworks */ = {
			isa = PBXFrameworksBuildPhase;
			buildActionMask = 2147483647;
			files = (
				98E73DAD0503CF0D8D585826 /* Pods_PttTests.framework in Frameworks */,
			);
			runOnlyForDeploymentPostprocessing = 0;
		};
/* End PBXFrameworksBuildPhase section */

/* Begin PBXGroup section */
		3E0101A125669DBF00D39FAD /* MockClass */ = {
			isa = PBXGroup;
			children = (
				3E0101A225669DDB00D39FAD /* MockURLSession.swift */,
				3E0101A825669DEE00D39FAD /* MockURLSessionDataTask.swift */,
				3ED16B3D25713D64004A33E0 /* APITestClient.swift */,
			);
			path = MockClass;
			sourceTree = "<group>";
		};
		3E0101AC25669F3B00D39FAD /* APITest */ = {
			isa = PBXGroup;
			children = (
				3E0101AD25669F5A00D39FAD /* APIClientTest.swift */,
			);
			path = APITest;
			sourceTree = "<group>";
		};
		3E0101B32566A9A200D39FAD /* FakeData */ = {
			isa = PBXGroup;
			children = (
				3E0101B42566A9C500D39FAD /* NewPostlist.json */,
				3E0101BC2566AD1400D39FAD /* GetPost.json */,
			);
			path = FakeData;
			sourceTree = "<group>";
		};
		3E29387E25596B9500240C0F /* Protocols */ = {
			isa = PBXGroup;
			children = (
				3E6552812559604C0026290B /* APIClientProtocol.swift */,
				3E29388025596BA900240C0F /* URLSessionProtocol.swift */,
			);
			path = Protocols;
			sourceTree = "<group>";
		};
		3E65526A25595EB90026290B /* API */ = {
			isa = PBXGroup;
			children = (
				3E29387E25596B9500240C0F /* Protocols */,
				3E65526B25595EC30026290B /* Models */,
				EAA4F6F223C72F95005ABCE3 /* APIClient.swift */,
			);
			path = API;
			sourceTree = "<group>";
		};
		3E65526B25595EC30026290B /* Models */ = {
			isa = PBXGroup;
			children = (
				3E65526C25595EE60026290B /* Post.swift */,
				3E65527025595F0D0026290B /* BoardInfo.swift */,
				3E65527425595F9E0026290B /* BoardPost.swift */,
				3E65527825595FBE0026290B /* Message.swift */,
				3E65527C25595FD30026290B /* Board.swift */,
				3E655287255960910026290B /* FullPost.swift */,
				3E65528B255960AE0026290B /* Comment.swift */,
				3E65528F255960CF0026290B /* APIError.swift */,
				3E655299255962DA0026290B /* APIModel.swift */,
			);
			path = Models;
			sourceTree = "<group>";
		};
		5D59ADAA0205CAB3BD9E7F1E /* Pods */ = {
			isa = PBXGroup;
			children = (
				46B9993AD4E3522178E28D0D /* Pods-Ptt.debug.xcconfig */,
				80D0972759B39673EF30B8DB /* Pods-Ptt.release.xcconfig */,
				1A7B5590D02D31130EA55DE3 /* Pods-PttTests.debug.xcconfig */,
				8A0F49F3FB80A16A715149ED /* Pods-PttTests.release.xcconfig */,
			);
			path = Pods;
			sourceTree = "<group>";
		};
		9383CA6B15DC009426988F5F /* Frameworks */ = {
			isa = PBXGroup;
			children = (
				DBDA47B1E79A476E2E89A118 /* Pods_Ptt.framework */,
				E84C05B084821F8B5031D3BD /* Pods_PttTests.framework */,
			);
			name = Frameworks;
			sourceTree = "<group>";
		};
		9B564C26256A9D3200787FD7 /* Coordinator */ = {
			isa = PBXGroup;
			children = (
				9B564C2B256A9DC000787FD7 /* Protocols */,
				9B564C3C256AA0EB00787FD7 /* Router.swift */,
				9B564C6A256AA8C800787FD7 /* BaseCoordinator.swift */,
			);
			path = Coordinator;
			sourceTree = "<group>";
		};
		9B564C2B256A9DC000787FD7 /* Protocols */ = {
			isa = PBXGroup;
			children = (
				9B564C27256A9D7800787FD7 /* Coordinatorable.swift */,
				9B564C2E256A9EAC00787FD7 /* Presentable.swift */,
				9B564C32256A9F3500787FD7 /* Routerable.swift */,
				9BEE1C962584E773002A9D95 /* BaseView.swift */,
			);
			path = Protocols;
			sourceTree = "<group>";
		};
		9B564C44256AA22700787FD7 /* Factories */ = {
			isa = PBXGroup;
			children = (
				9B564C47256AA23500787FD7 /* Protocols */,
				9B564C56256AA69500787FD7 /* CoordinatorFactory.swift */,
				9BEE1CA52584EA13002A9D95 /* SceneFactory.swift */,
			);
			path = Factories;
			sourceTree = "<group>";
		};
		9B564C47256AA23500787FD7 /* Protocols */ = {
			isa = PBXGroup;
			children = (
				9B564C40256AA1F400787FD7 /* CoordinatorFactoryProtocol.swift */,
				9BEE1CA12584E82E002A9D95 /* FavoriteSceneFactoryProtocol.swift */,
				9BEE1CB32584F644002A9D95 /* HotTopicSceneFactoryProtocol.swift */,
			);
			path = Protocols;
			sourceTree = "<group>";
		};
		9B564C5A256AA72C00787FD7 /* Flows */ = {
			isa = PBXGroup;
			children = (
				9BEE1CAB2584F5C9002A9D95 /* HotTopicFlow */,
				9BEE1C762584E50F002A9D95 /* FavoriteFlow */,
				9B564C5F256AA74A00787FD7 /* MainTabBarFlow */,
			);
			path = Flows;
			sourceTree = "<group>";
		};
		9B564C5F256AA74A00787FD7 /* MainTabBarFlow */ = {
			isa = PBXGroup;
			children = (
				9B564C5B256AA74100787FD7 /* TabBarController.swift */,
				9B564C64256AA83100787FD7 /* TabBarView.swift */,
				9B564C70256AAF8000787FD7 /* TabBarCoordinator.swift */,
			);
			path = MainTabBarFlow;
			sourceTree = "<group>";
		};
		9BEE1C622584BBA8002A9D95 /* Storyboards */ = {
			isa = PBXGroup;
			children = (
				9BEE1C632584BBD2002A9D95 /* Storyboards.swift */,
				9BEE1C5E2584BA0A002A9D95 /* Main.storyboard */,
			);
			path = Storyboards;
			sourceTree = "<group>";
		};
		9BEE1C6D2584BCA5002A9D95 /* Extensions */ = {
			isa = PBXGroup;
			children = (
				9BEE1C672584BC5C002A9D95 /* UIViewControllerExtension.swift */,
				9BEE1C702584BCC9002A9D95 /* NSObjectExtensions.swift */,
			);
			path = Extensions;
			sourceTree = "<group>";
		};
		9BEE1C762584E50F002A9D95 /* FavoriteFlow */ = {
			isa = PBXGroup;
			children = (
				9BEE1C9D2584E7E1002A9D95 /* FavoriteCoordinator.swift */,
				9BEE1C9A2584E7C3002A9D95 /* Controllers */,
			);
			path = FavoriteFlow;
			sourceTree = "<group>";
		};
		9BEE1C9A2584E7C3002A9D95 /* Controllers */ = {
			isa = PBXGroup;
			children = (
				EA475F7823C4834C000867FE /* FavoriteViewController.swift */,
			);
			path = Controllers;
			sourceTree = "<group>";
		};
		9BEE1CAB2584F5C9002A9D95 /* HotTopicFlow */ = {
			isa = PBXGroup;
			children = (
				9BEE1CAF2584F60B002A9D95 /* HotTopicCoordinator.swift */,
				9BEE1CAC2584F5EF002A9D95 /* Controllers */,
			);
			path = HotTopicFlow;
			sourceTree = "<group>";
		};
		9BEE1CAC2584F5EF002A9D95 /* Controllers */ = {
			isa = PBXGroup;
			children = (
				EA41D65C243EF51A0052F4A1 /* HotTopicViewController.swift */,
			);
			path = Controllers;
			sourceTree = "<group>";
		};
		EA475F6823C4834C000867FE = {
			isa = PBXGroup;
			children = (
				EA475F7323C4834C000867FE /* Ptt */,
				EA475F8A23C4834C000867FE /* PttTests */,
				EA475F7223C4834C000867FE /* Products */,
				5D59ADAA0205CAB3BD9E7F1E /* Pods */,
				9383CA6B15DC009426988F5F /* Frameworks */,
			);
			sourceTree = "<group>";
		};
		EA475F7223C4834C000867FE /* Products */ = {
			isa = PBXGroup;
			children = (
				EA475F7123C4834C000867FE /* Ptt.app */,
				EA475F8723C4834C000867FE /* PttTests.xctest */,
			);
			name = Products;
			sourceTree = "<group>";
		};
		EA475F7323C4834C000867FE /* Ptt */ = {
			isa = PBXGroup;
			children = (
				9B564C44256AA22700787FD7 /* Factories */,
				9B564C26256A9D3200787FD7 /* Coordinator */,
				3E65526A25595EB90026290B /* API */,
				9B564C5A256AA72C00787FD7 /* Flows */,
				9BEE1C622584BBA8002A9D95 /* Storyboards */,
				9BEE1C6D2584BCA5002A9D95 /* Extensions */,
				9BEE1C582584B2C0002A9D95 /* ApplicationCoordinator.swift */,
				EA475F7423C4834C000867FE /* AppDelegate.swift */,
				EA475F7623C4834C000867FE /* SceneDelegate.swift */,
				EAA4F6F023C72B01005ABCE3 /* BoardViewController.swift */,
				EA479EB32431F27C008A0D99 /* PostViewController.swift */,
				EA62540D242DAAF600E977FE /* Extension.swift */,
				EA9DE10E2563A82200AEFC19 /* FullscreenSwipeBack.swift */,
				EA78E0C024050EB000309694 /* StyleKit.swift */,
				EA475F7D23C4834C000867FE /* Assets.xcassets */,
				EA475F7F23C4834C000867FE /* LaunchScreen.storyboard */,
				EA475F9B23C48CC1000867FE /* Localizable.strings */,
				EA475F8223C4834C000867FE /* Info.plist */,
			);
			path = Ptt;
			sourceTree = "<group>";
		};
		EA475F8A23C4834C000867FE /* PttTests */ = {
			isa = PBXGroup;
			children = (
				3E0101B32566A9A200D39FAD /* FakeData */,
				3E0101AC25669F3B00D39FAD /* APITest */,
				3E0101A125669DBF00D39FAD /* MockClass */,
				EA475F8B23C4834C000867FE /* PttTests.swift */,
				EA475F8D23C4834C000867FE /* Info.plist */,
			);
			path = PttTests;
			sourceTree = "<group>";
		};
/* End PBXGroup section */

/* Begin PBXNativeTarget section */
		EA475F7023C4834C000867FE /* Ptt */ = {
			isa = PBXNativeTarget;
			buildConfigurationList = EA475F9023C4834C000867FE /* Build configuration list for PBXNativeTarget "Ptt" */;
			buildPhases = (
				D7D8371C10EBA56FF5D4A873 /* [CP] Check Pods Manifest.lock */,
				EA475F6D23C4834C000867FE /* Sources */,
				EA475F6E23C4834C000867FE /* Frameworks */,
				EA475F6F23C4834C000867FE /* Resources */,
				C6B1DC1C85F6FDA381BEBEA9 /* [CP] Embed Pods Frameworks */,
			);
			buildRules = (
			);
			dependencies = (
			);
			name = Ptt;
			productName = Ptt;
			productReference = EA475F7123C4834C000867FE /* Ptt.app */;
			productType = "com.apple.product-type.application";
		};
		EA475F8623C4834C000867FE /* PttTests */ = {
			isa = PBXNativeTarget;
			buildConfigurationList = EA475F9323C4834C000867FE /* Build configuration list for PBXNativeTarget "PttTests" */;
			buildPhases = (
				912D926E93907D87D492B266 /* [CP] Check Pods Manifest.lock */,
				EA475F8323C4834C000867FE /* Sources */,
				EA475F8423C4834C000867FE /* Frameworks */,
				EA475F8523C4834C000867FE /* Resources */,
			);
			buildRules = (
			);
			dependencies = (
				EA475F8923C4834C000867FE /* PBXTargetDependency */,
			);
			name = PttTests;
			productName = PttTests;
			productReference = EA475F8723C4834C000867FE /* PttTests.xctest */;
			productType = "com.apple.product-type.bundle.unit-test";
		};
/* End PBXNativeTarget section */

/* Begin PBXProject section */
		EA475F6923C4834C000867FE /* Project object */ = {
			isa = PBXProject;
			attributes = {
				LastSwiftUpdateCheck = 1130;
				LastUpgradeCheck = 1130;
				ORGANIZATIONNAME = Ptt;
				TargetAttributes = {
					EA475F7023C4834C000867FE = {
						CreatedOnToolsVersion = 11.3;
					};
					EA475F8623C4834C000867FE = {
						CreatedOnToolsVersion = 11.3;
						TestTargetID = EA475F7023C4834C000867FE;
					};
				};
			};
			buildConfigurationList = EA475F6C23C4834C000867FE /* Build configuration list for PBXProject "Ptt" */;
			compatibilityVersion = "Xcode 9.3";
			developmentRegion = en;
			hasScannedForEncodings = 0;
			knownRegions = (
				en,
				Base,
				"zh-Hant",
			);
			mainGroup = EA475F6823C4834C000867FE;
			productRefGroup = EA475F7223C4834C000867FE /* Products */;
			projectDirPath = "";
			projectRoot = "";
			targets = (
				EA475F7023C4834C000867FE /* Ptt */,
				EA475F8623C4834C000867FE /* PttTests */,
			);
		};
/* End PBXProject section */

/* Begin PBXResourcesBuildPhase section */
		EA475F6F23C4834C000867FE /* Resources */ = {
			isa = PBXResourcesBuildPhase;
			buildActionMask = 2147483647;
			files = (
				EA475F8123C4834C000867FE /* LaunchScreen.storyboard in Resources */,
				EA475F9923C48CC1000867FE /* Localizable.strings in Resources */,
				EA475F7E23C4834C000867FE /* Assets.xcassets in Resources */,
				9BEE1C5F2584BA0A002A9D95 /* Main.storyboard in Resources */,
			);
			runOnlyForDeploymentPostprocessing = 0;
		};
		EA475F8523C4834C000867FE /* Resources */ = {
			isa = PBXResourcesBuildPhase;
			buildActionMask = 2147483647;
			files = (
				3E0101BD2566AD1400D39FAD /* GetPost.json in Resources */,
				3E0101B52566A9C500D39FAD /* NewPostlist.json in Resources */,
			);
			runOnlyForDeploymentPostprocessing = 0;
		};
/* End PBXResourcesBuildPhase section */

/* Begin PBXShellScriptBuildPhase section */
		912D926E93907D87D492B266 /* [CP] Check Pods Manifest.lock */ = {
			isa = PBXShellScriptBuildPhase;
			buildActionMask = 2147483647;
			files = (
			);
			inputFileListPaths = (
			);
			inputPaths = (
				"${PODS_PODFILE_DIR_PATH}/Podfile.lock",
				"${PODS_ROOT}/Manifest.lock",
			);
			name = "[CP] Check Pods Manifest.lock";
			outputFileListPaths = (
			);
			outputPaths = (
				"$(DERIVED_FILE_DIR)/Pods-PttTests-checkManifestLockResult.txt",
			);
			runOnlyForDeploymentPostprocessing = 0;
			shellPath = /bin/sh;
			shellScript = "diff \"${PODS_PODFILE_DIR_PATH}/Podfile.lock\" \"${PODS_ROOT}/Manifest.lock\" > /dev/null\nif [ $? != 0 ] ; then\n    # print error to STDERR\n    echo \"error: The sandbox is not in sync with the Podfile.lock. Run 'pod install' or update your CocoaPods installation.\" >&2\n    exit 1\nfi\n# This output is used by Xcode 'outputs' to avoid re-running this script phase.\necho \"SUCCESS\" > \"${SCRIPT_OUTPUT_FILE_0}\"\n";
			showEnvVarsInLog = 0;
		};
		C6B1DC1C85F6FDA381BEBEA9 /* [CP] Embed Pods Frameworks */ = {
			isa = PBXShellScriptBuildPhase;
			buildActionMask = 2147483647;
			files = (
			);
			inputFileListPaths = (
				"${PODS_ROOT}/Target Support Files/Pods-Ptt/Pods-Ptt-frameworks-${CONFIGURATION}-input-files.xcfilelist",
			);
			name = "[CP] Embed Pods Frameworks";
			outputFileListPaths = (
				"${PODS_ROOT}/Target Support Files/Pods-Ptt/Pods-Ptt-frameworks-${CONFIGURATION}-output-files.xcfilelist",
			);
			runOnlyForDeploymentPostprocessing = 0;
			shellPath = /bin/sh;
			shellScript = "\"${PODS_ROOT}/Target Support Files/Pods-Ptt/Pods-Ptt-frameworks.sh\"\n";
			showEnvVarsInLog = 0;
		};
		D7D8371C10EBA56FF5D4A873 /* [CP] Check Pods Manifest.lock */ = {
			isa = PBXShellScriptBuildPhase;
			buildActionMask = 2147483647;
			files = (
			);
			inputFileListPaths = (
			);
			inputPaths = (
				"${PODS_PODFILE_DIR_PATH}/Podfile.lock",
				"${PODS_ROOT}/Manifest.lock",
			);
			name = "[CP] Check Pods Manifest.lock";
			outputFileListPaths = (
			);
			outputPaths = (
				"$(DERIVED_FILE_DIR)/Pods-Ptt-checkManifestLockResult.txt",
			);
			runOnlyForDeploymentPostprocessing = 0;
			shellPath = /bin/sh;
			shellScript = "diff \"${PODS_PODFILE_DIR_PATH}/Podfile.lock\" \"${PODS_ROOT}/Manifest.lock\" > /dev/null\nif [ $? != 0 ] ; then\n    # print error to STDERR\n    echo \"error: The sandbox is not in sync with the Podfile.lock. Run 'pod install' or update your CocoaPods installation.\" >&2\n    exit 1\nfi\n# This output is used by Xcode 'outputs' to avoid re-running this script phase.\necho \"SUCCESS\" > \"${SCRIPT_OUTPUT_FILE_0}\"\n";
			showEnvVarsInLog = 0;
		};
/* End PBXShellScriptBuildPhase section */

/* Begin PBXSourcesBuildPhase section */
		EA475F6D23C4834C000867FE /* Sources */ = {
			isa = PBXSourcesBuildPhase;
			buildActionMask = 2147483647;
			files = (
				3E29388125596BA900240C0F /* URLSessionProtocol.swift in Sources */,
				EA479EB42431F27C008A0D99 /* PostViewController.swift in Sources */,
				9B564C3D256AA0EB00787FD7 /* Router.swift in Sources */,
				EA41D65D243EF51A0052F4A1 /* HotTopicViewController.swift in Sources */,
				9BEE1C682584BC5C002A9D95 /* UIViewControllerExtension.swift in Sources */,
				9B564C65256AA83100787FD7 /* TabBarView.swift in Sources */,
				3E655288255960910026290B /* FullPost.swift in Sources */,
				3E6552822559604C0026290B /* APIClientProtocol.swift in Sources */,
				3E65527125595F0D0026290B /* BoardInfo.swift in Sources */,
				9B564C28256A9D7800787FD7 /* Coordinatorable.swift in Sources */,
				9B564C2F256A9EAC00787FD7 /* Presentable.swift in Sources */,
				9BEE1C712584BCC9002A9D95 /* NSObjectExtensions.swift in Sources */,
				3E65528C255960AE0026290B /* Comment.swift in Sources */,
				9B564C71256AAF8000787FD7 /* TabBarCoordinator.swift in Sources */,
				EA78E0C124050EB100309694 /* StyleKit.swift in Sources */,
				9BEE1CB42584F644002A9D95 /* HotTopicSceneFactoryProtocol.swift in Sources */,
				9BEE1C972584E773002A9D95 /* BaseView.swift in Sources */,
				3E65527D25595FD30026290B /* Board.swift in Sources */,
				9BEE1CA22584E82E002A9D95 /* FavoriteSceneFactoryProtocol.swift in Sources */,
				9BEE1CB02584F60B002A9D95 /* HotTopicCoordinator.swift in Sources */,
				3E65527525595F9E0026290B /* BoardPost.swift in Sources */,
				9BEE1C642584BBD2002A9D95 /* Storyboards.swift in Sources */,
				9BEE1C592584B2C0002A9D95 /* ApplicationCoordinator.swift in Sources */,
				9B564C5C256AA74100787FD7 /* TabBarController.swift in Sources */,
				EA9DE10F2563A82200AEFC19 /* FullscreenSwipeBack.swift in Sources */,
				EA475F7923C4834C000867FE /* FavoriteViewController.swift in Sources */,
				9B564C57256AA69500787FD7 /* CoordinatorFactory.swift in Sources */,
				EA62540E242DAAF600E977FE /* Extension.swift in Sources */,
				EA475F7523C4834C000867FE /* AppDelegate.swift in Sources */,
				9B564C33256A9F3500787FD7 /* Routerable.swift in Sources */,
				9BEE1C9E2584E7E1002A9D95 /* FavoriteCoordinator.swift in Sources */,
				EA475F7723C4834C000867FE /* SceneDelegate.swift in Sources */,
				9B564C6B256AA8C800787FD7 /* BaseCoordinator.swift in Sources */,
				3E65527925595FBE0026290B /* Message.swift in Sources */,
				EAA4F6F323C72F95005ABCE3 /* APIClient.swift in Sources */,
				EAA4F6F123C72B01005ABCE3 /* BoardViewController.swift in Sources */,
				9BEE1CA62584EA13002A9D95 /* SceneFactory.swift in Sources */,
				9B564C41256AA1F400787FD7 /* CoordinatorFactoryProtocol.swift in Sources */,
				3E65526D25595EE60026290B /* Post.swift in Sources */,
				3E65529A255962DA0026290B /* APIModel.swift in Sources */,
				3E655290255960CF0026290B /* APIError.swift in Sources */,
			);
			runOnlyForDeploymentPostprocessing = 0;
		};
		EA475F8323C4834C000867FE /* Sources */ = {
			isa = PBXSourcesBuildPhase;
			buildActionMask = 2147483647;
			files = (
				3E0101A925669DEE00D39FAD /* MockURLSessionDataTask.swift in Sources */,
				3E0101A325669DDB00D39FAD /* MockURLSession.swift in Sources */,
				EA475F8C23C4834C000867FE /* PttTests.swift in Sources */,
				3E0101AE25669F5A00D39FAD /* APIClientTest.swift in Sources */,
				3ED16B3E25713D64004A33E0 /* APITestClient.swift in Sources */,
			);
			runOnlyForDeploymentPostprocessing = 0;
		};
/* End PBXSourcesBuildPhase section */

/* Begin PBXTargetDependency section */
		EA475F8923C4834C000867FE /* PBXTargetDependency */ = {
			isa = PBXTargetDependency;
			target = EA475F7023C4834C000867FE /* Ptt */;
			targetProxy = EA475F8823C4834C000867FE /* PBXContainerItemProxy */;
		};
/* End PBXTargetDependency section */

/* Begin PBXVariantGroup section */
		EA475F7F23C4834C000867FE /* LaunchScreen.storyboard */ = {
			isa = PBXVariantGroup;
			children = (
				EA475F8023C4834C000867FE /* Base */,
				EA475F9623C48C61000867FE /* zh-Hant */,
			);
			name = LaunchScreen.storyboard;
			sourceTree = "<group>";
		};
		EA475F9B23C48CC1000867FE /* Localizable.strings */ = {
			isa = PBXVariantGroup;
			children = (
				EA475F9A23C48CC1000867FE /* zh-Hant */,
				EA475F9C23C48CC3000867FE /* en */,
			);
			name = Localizable.strings;
			sourceTree = "<group>";
		};
/* End PBXVariantGroup section */

/* Begin XCBuildConfiguration section */
		EA475F8E23C4834C000867FE /* Debug */ = {
			isa = XCBuildConfiguration;
			buildSettings = {
				ALWAYS_SEARCH_USER_PATHS = NO;
				CLANG_ANALYZER_LOCALIZABILITY_NONLOCALIZED = YES;
				CLANG_ANALYZER_NONNULL = YES;
				CLANG_ANALYZER_NUMBER_OBJECT_CONVERSION = YES_AGGRESSIVE;
				CLANG_CXX_LANGUAGE_STANDARD = "gnu++14";
				CLANG_CXX_LIBRARY = "libc++";
				CLANG_ENABLE_MODULES = YES;
				CLANG_ENABLE_OBJC_ARC = YES;
				CLANG_ENABLE_OBJC_WEAK = YES;
				CLANG_WARN_BLOCK_CAPTURE_AUTORELEASING = YES;
				CLANG_WARN_BOOL_CONVERSION = YES;
				CLANG_WARN_COMMA = YES;
				CLANG_WARN_CONSTANT_CONVERSION = YES;
				CLANG_WARN_DEPRECATED_OBJC_IMPLEMENTATIONS = YES;
				CLANG_WARN_DIRECT_OBJC_ISA_USAGE = YES_ERROR;
				CLANG_WARN_DOCUMENTATION_COMMENTS = YES;
				CLANG_WARN_EMPTY_BODY = YES;
				CLANG_WARN_ENUM_CONVERSION = YES;
				CLANG_WARN_INFINITE_RECURSION = YES;
				CLANG_WARN_INT_CONVERSION = YES;
				CLANG_WARN_NON_LITERAL_NULL_CONVERSION = YES;
				CLANG_WARN_OBJC_IMPLICIT_RETAIN_SELF = YES;
				CLANG_WARN_OBJC_LITERAL_CONVERSION = YES;
				CLANG_WARN_OBJC_ROOT_CLASS = YES_ERROR;
				CLANG_WARN_RANGE_LOOP_ANALYSIS = YES;
				CLANG_WARN_STRICT_PROTOTYPES = YES;
				CLANG_WARN_SUSPICIOUS_MOVE = YES;
				CLANG_WARN_UNGUARDED_AVAILABILITY = YES_AGGRESSIVE;
				CLANG_WARN_UNREACHABLE_CODE = YES;
				CLANG_WARN__DUPLICATE_METHOD_MATCH = YES;
				COPY_PHASE_STRIP = NO;
				DEBUG_INFORMATION_FORMAT = dwarf;
				ENABLE_STRICT_OBJC_MSGSEND = YES;
				ENABLE_TESTABILITY = YES;
				GCC_C_LANGUAGE_STANDARD = gnu11;
				GCC_DYNAMIC_NO_PIC = NO;
				GCC_NO_COMMON_BLOCKS = YES;
				GCC_OPTIMIZATION_LEVEL = 0;
				GCC_PREPROCESSOR_DEFINITIONS = (
					"DEBUG=1",
					"$(inherited)",
				);
				GCC_WARN_64_TO_32_BIT_CONVERSION = YES;
				GCC_WARN_ABOUT_RETURN_TYPE = YES_ERROR;
				GCC_WARN_UNDECLARED_SELECTOR = YES;
				GCC_WARN_UNINITIALIZED_AUTOS = YES_AGGRESSIVE;
				GCC_WARN_UNUSED_FUNCTION = YES;
				GCC_WARN_UNUSED_VARIABLE = YES;
				IPHONEOS_DEPLOYMENT_TARGET = 9.0;
				MTL_ENABLE_DEBUG_INFO = INCLUDE_SOURCE;
				MTL_FAST_MATH = YES;
				ONLY_ACTIVE_ARCH = YES;
				SDKROOT = iphoneos;
				SWIFT_ACTIVE_COMPILATION_CONDITIONS = DEBUG;
				SWIFT_OPTIMIZATION_LEVEL = "-Onone";
			};
			name = Debug;
		};
		EA475F8F23C4834C000867FE /* Release */ = {
			isa = XCBuildConfiguration;
			buildSettings = {
				ALWAYS_SEARCH_USER_PATHS = NO;
				CLANG_ANALYZER_LOCALIZABILITY_NONLOCALIZED = YES;
				CLANG_ANALYZER_NONNULL = YES;
				CLANG_ANALYZER_NUMBER_OBJECT_CONVERSION = YES_AGGRESSIVE;
				CLANG_CXX_LANGUAGE_STANDARD = "gnu++14";
				CLANG_CXX_LIBRARY = "libc++";
				CLANG_ENABLE_MODULES = YES;
				CLANG_ENABLE_OBJC_ARC = YES;
				CLANG_ENABLE_OBJC_WEAK = YES;
				CLANG_WARN_BLOCK_CAPTURE_AUTORELEASING = YES;
				CLANG_WARN_BOOL_CONVERSION = YES;
				CLANG_WARN_COMMA = YES;
				CLANG_WARN_CONSTANT_CONVERSION = YES;
				CLANG_WARN_DEPRECATED_OBJC_IMPLEMENTATIONS = YES;
				CLANG_WARN_DIRECT_OBJC_ISA_USAGE = YES_ERROR;
				CLANG_WARN_DOCUMENTATION_COMMENTS = YES;
				CLANG_WARN_EMPTY_BODY = YES;
				CLANG_WARN_ENUM_CONVERSION = YES;
				CLANG_WARN_INFINITE_RECURSION = YES;
				CLANG_WARN_INT_CONVERSION = YES;
				CLANG_WARN_NON_LITERAL_NULL_CONVERSION = YES;
				CLANG_WARN_OBJC_IMPLICIT_RETAIN_SELF = YES;
				CLANG_WARN_OBJC_LITERAL_CONVERSION = YES;
				CLANG_WARN_OBJC_ROOT_CLASS = YES_ERROR;
				CLANG_WARN_RANGE_LOOP_ANALYSIS = YES;
				CLANG_WARN_STRICT_PROTOTYPES = YES;
				CLANG_WARN_SUSPICIOUS_MOVE = YES;
				CLANG_WARN_UNGUARDED_AVAILABILITY = YES_AGGRESSIVE;
				CLANG_WARN_UNREACHABLE_CODE = YES;
				CLANG_WARN__DUPLICATE_METHOD_MATCH = YES;
				COPY_PHASE_STRIP = NO;
				DEBUG_INFORMATION_FORMAT = "dwarf-with-dsym";
				ENABLE_NS_ASSERTIONS = NO;
				ENABLE_STRICT_OBJC_MSGSEND = YES;
				GCC_C_LANGUAGE_STANDARD = gnu11;
				GCC_NO_COMMON_BLOCKS = YES;
				GCC_WARN_64_TO_32_BIT_CONVERSION = YES;
				GCC_WARN_ABOUT_RETURN_TYPE = YES_ERROR;
				GCC_WARN_UNDECLARED_SELECTOR = YES;
				GCC_WARN_UNINITIALIZED_AUTOS = YES_AGGRESSIVE;
				GCC_WARN_UNUSED_FUNCTION = YES;
				GCC_WARN_UNUSED_VARIABLE = YES;
				IPHONEOS_DEPLOYMENT_TARGET = 9.0;
				MTL_ENABLE_DEBUG_INFO = NO;
				MTL_FAST_MATH = YES;
				SDKROOT = iphoneos;
				SWIFT_COMPILATION_MODE = wholemodule;
				SWIFT_OPTIMIZATION_LEVEL = "-O";
				VALIDATE_PRODUCT = YES;
			};
			name = Release;
		};
		EA475F9123C4834C000867FE /* Debug */ = {
			isa = XCBuildConfiguration;
			baseConfigurationReference = 46B9993AD4E3522178E28D0D /* Pods-Ptt.debug.xcconfig */;
			buildSettings = {
				ASSETCATALOG_COMPILER_APPICON_NAME = AppIcon;
				CODE_SIGN_STYLE = Automatic;
				CURRENT_PROJECT_VERSION = 16;
				INFOPLIST_FILE = Ptt/Info.plist;
				IPHONEOS_DEPLOYMENT_TARGET = 9.0;
				LD_RUNPATH_SEARCH_PATHS = (
					"$(inherited)",
					"@executable_path/Frameworks",
				);
				PRODUCT_BUNDLE_IDENTIFIER = org.ptt.ptt;
				PRODUCT_NAME = "$(TARGET_NAME)";
				SWIFT_VERSION = 5.0;
				TARGETED_DEVICE_FAMILY = "1,2";
			};
			name = Debug;
		};
		EA475F9223C4834C000867FE /* Release */ = {
			isa = XCBuildConfiguration;
			baseConfigurationReference = 80D0972759B39673EF30B8DB /* Pods-Ptt.release.xcconfig */;
			buildSettings = {
				ASSETCATALOG_COMPILER_APPICON_NAME = AppIcon;
				CODE_SIGN_STYLE = Automatic;
				CURRENT_PROJECT_VERSION = 16;
				INFOPLIST_FILE = Ptt/Info.plist;
				IPHONEOS_DEPLOYMENT_TARGET = 9.0;
				LD_RUNPATH_SEARCH_PATHS = (
					"$(inherited)",
					"@executable_path/Frameworks",
				);
				PRODUCT_BUNDLE_IDENTIFIER = org.ptt.ptt;
				PRODUCT_NAME = "$(TARGET_NAME)";
				SWIFT_VERSION = 5.0;
				TARGETED_DEVICE_FAMILY = "1,2";
			};
			name = Release;
		};
		EA475F9423C4834C000867FE /* Debug */ = {
			isa = XCBuildConfiguration;
			baseConfigurationReference = 1A7B5590D02D31130EA55DE3 /* Pods-PttTests.debug.xcconfig */;
			buildSettings = {
				ALWAYS_EMBED_SWIFT_STANDARD_LIBRARIES = YES;
				BUNDLE_LOADER = "$(TEST_HOST)";
				CODE_SIGN_STYLE = Automatic;
				INFOPLIST_FILE = PttTests/Info.plist;
				IPHONEOS_DEPLOYMENT_TARGET = 13.2;
				LD_RUNPATH_SEARCH_PATHS = (
					"$(inherited)",
					"@executable_path/Frameworks",
					"@loader_path/Frameworks",
				);
				PRODUCT_BUNDLE_IDENTIFIER = org.ptt.PttTests;
				PRODUCT_NAME = "$(TARGET_NAME)";
				SWIFT_VERSION = 5.0;
				TARGETED_DEVICE_FAMILY = "1,2";
				TEST_HOST = "$(BUILT_PRODUCTS_DIR)/Ptt.app/Ptt";
			};
			name = Debug;
		};
		EA475F9523C4834C000867FE /* Release */ = {
			isa = XCBuildConfiguration;
			baseConfigurationReference = 8A0F49F3FB80A16A715149ED /* Pods-PttTests.release.xcconfig */;
			buildSettings = {
				ALWAYS_EMBED_SWIFT_STANDARD_LIBRARIES = YES;
				BUNDLE_LOADER = "$(TEST_HOST)";
				CODE_SIGN_STYLE = Automatic;
				INFOPLIST_FILE = PttTests/Info.plist;
				IPHONEOS_DEPLOYMENT_TARGET = 13.2;
				LD_RUNPATH_SEARCH_PATHS = (
					"$(inherited)",
					"@executable_path/Frameworks",
					"@loader_path/Frameworks",
				);
				PRODUCT_BUNDLE_IDENTIFIER = org.ptt.PttTests;
				PRODUCT_NAME = "$(TARGET_NAME)";
				SWIFT_VERSION = 5.0;
				TARGETED_DEVICE_FAMILY = "1,2";
				TEST_HOST = "$(BUILT_PRODUCTS_DIR)/Ptt.app/Ptt";
			};
			name = Release;
		};
/* End XCBuildConfiguration section */

/* Begin XCConfigurationList section */
		EA475F6C23C4834C000867FE /* Build configuration list for PBXProject "Ptt" */ = {
			isa = XCConfigurationList;
			buildConfigurations = (
				EA475F8E23C4834C000867FE /* Debug */,
				EA475F8F23C4834C000867FE /* Release */,
			);
			defaultConfigurationIsVisible = 0;
			defaultConfigurationName = Release;
		};
		EA475F9023C4834C000867FE /* Build configuration list for PBXNativeTarget "Ptt" */ = {
			isa = XCConfigurationList;
			buildConfigurations = (
				EA475F9123C4834C000867FE /* Debug */,
				EA475F9223C4834C000867FE /* Release */,
			);
			defaultConfigurationIsVisible = 0;
			defaultConfigurationName = Release;
		};
		EA475F9323C4834C000867FE /* Build configuration list for PBXNativeTarget "PttTests" */ = {
			isa = XCConfigurationList;
			buildConfigurations = (
				EA475F9423C4834C000867FE /* Debug */,
				EA475F9523C4834C000867FE /* Release */,
			);
			defaultConfigurationIsVisible = 0;
			defaultConfigurationName = Release;
		};
/* End XCConfigurationList section */
	};
	rootObject = EA475F6923C4834C000867FE /* Project object */;
}
